// !$*UTF8*$!
{
	archiveVersion = 1;
	classes = {
	};
	objectVersion = 56;
	objects = {

/* Begin PBXBuildFile section */
		1695647E2AA3585300A9F79C /* DiscoverViewContoller.swift in Sources */ = {isa = PBXBuildFile; fileRef = 1695647D2AA3585300A9F79C /* DiscoverViewContoller.swift */; };
		169564802AA358EF00A9F79C /* SavedDishCollectionCell.swift in Sources */ = {isa = PBXBuildFile; fileRef = 1695647F2AA358EF00A9F79C /* SavedDishCollectionCell.swift */; };
		16D3CF372AA9DF8A004563DA /* RecipeModel.swift in Sources */ = {isa = PBXBuildFile; fileRef = 16D3CF362AA9DF8A004563DA /* RecipeModel.swift */; };
		16D3CF392AA9DFC1004563DA /* ApiManager.swift in Sources */ = {isa = PBXBuildFile; fileRef = 16D3CF382AA9DFC1004563DA /* ApiManager.swift */; };
		16D3CF3C2AA9E045004563DA /* SDWebImage in Frameworks */ = {isa = PBXBuildFile; productRef = 16D3CF3B2AA9E045004563DA /* SDWebImage */; };
		16D3CF402AAB6B09004563DA /* DisplayData.swift in Sources */ = {isa = PBXBuildFile; fileRef = 16D3CF3F2AAB6B09004563DA /* DisplayData.swift */; };
		16FA368D2A9C6DC400C9917C /* SeeAllViewController.swift in Sources */ = {isa = PBXBuildFile; fileRef = 16FA368C2A9C6DC400C9917C /* SeeAllViewController.swift */; };
		2F9FC0192AAC1F54004E0AE6 /* MealType.swift in Sources */ = {isa = PBXBuildFile; fileRef = 2F9FC0182AAC1F54004E0AE6 /* MealType.swift */; };
		2F9FC01B2AAC47A4004E0AE6 /* MealTypeData.swift in Sources */ = {isa = PBXBuildFile; fileRef = 2F9FC01A2AAC47A4004E0AE6 /* MealTypeData.swift */; };
		2FCAFAFB2AA1B2940010C61B /* SectionHeader.swift in Sources */ = {isa = PBXBuildFile; fileRef = 2FCAFAFA2AA1B2940010C61B /* SectionHeader.swift */; };
		2FCAFAFD2AA1B2CC0010C61B /* HomeViewControllerFilterCell.swift in Sources */ = {isa = PBXBuildFile; fileRef = 2FCAFAFC2AA1B2CC0010C61B /* HomeViewControllerFilterCell.swift */; };
		2FCAFAFF2AA1B2D30010C61B /* HomeViewControllerPopularCell.swift in Sources */ = {isa = PBXBuildFile; fileRef = 2FCAFAFE2AA1B2D30010C61B /* HomeViewControllerPopularCell.swift */; };
		2FCAFB012AA1B2DD0010C61B /* HomeViewControllerRecentRecipeCell.swift in Sources */ = {isa = PBXBuildFile; fileRef = 2FCAFB002AA1B2DD0010C61B /* HomeViewControllerRecentRecipeCell.swift */; };
		2FCAFB032AA1B2E50010C61B /* HomeViewControllerTrendingCell.swift in Sources */ = {isa = PBXBuildFile; fileRef = 2FCAFB022AA1B2E50010C61B /* HomeViewControllerTrendingCell.swift */; };
		37DA4BF42AA35E4E00AB64DC /* CustomTabBarController.swift in Sources */ = {isa = PBXBuildFile; fileRef = 37DA4BF32AA35E4E00AB64DC /* CustomTabBarController.swift */; };
		37DA4BF62AA35E5C00AB64DC /* CustomTabBar.swift in Sources */ = {isa = PBXBuildFile; fileRef = 37DA4BF52AA35E5C00AB64DC /* CustomTabBar.swift */; };
		37DA4BF92AA481B200AB64DC /* CreateRecipeViewController.swift in Sources */ = {isa = PBXBuildFile; fileRef = 37DA4BF82AA481B200AB64DC /* CreateRecipeViewController.swift */; };
		37DFC3B72A9BA5E000C4951B /* MainViewController.swift in Sources */ = {isa = PBXBuildFile; fileRef = 37DFC3B62A9BA5E000C4951B /* MainViewController.swift */; };
		37DFC3BE2A9BA6CB00C4951B /* ProfileViewController.swift in Sources */ = {isa = PBXBuildFile; fileRef = 37DFC3BD2A9BA6CB00C4951B /* ProfileViewController.swift */; };
		37DFC3C02A9BA6D700C4951B /* BellViewController.swift in Sources */ = {isa = PBXBuildFile; fileRef = 37DFC3BF2A9BA6D700C4951B /* BellViewController.swift */; };
		37DFC3C22A9BA6F100C4951B /* FavoriteViewController.swift in Sources */ = {isa = PBXBuildFile; fileRef = 37DFC3C12A9BA6F100C4951B /* FavoriteViewController.swift */; };
		37DFC3C42A9BA6FD00C4951B /* HomeViewController.swift in Sources */ = {isa = PBXBuildFile; fileRef = 37DFC3C32A9BA6FD00C4951B /* HomeViewController.swift */; };
		37DFC3C62A9BAED100C4951B /* UIViewController+Utils.swift in Sources */ = {isa = PBXBuildFile; fileRef = 37DFC3C52A9BAED100C4951B /* UIViewController+Utils.swift */; };
		37DFC3DA2A9BB13100C4951B /* Poppins-ExtraBold.ttf in Resources */ = {isa = PBXBuildFile; fileRef = 37DFC3C82A9BB13000C4951B /* Poppins-ExtraBold.ttf */; };
		37DFC3DB2A9BB13100C4951B /* Poppins-Italic.ttf in Resources */ = {isa = PBXBuildFile; fileRef = 37DFC3C92A9BB13100C4951B /* Poppins-Italic.ttf */; };
		37DFC3DC2A9BB13100C4951B /* Poppins-SemiBold.ttf in Resources */ = {isa = PBXBuildFile; fileRef = 37DFC3CA2A9BB13100C4951B /* Poppins-SemiBold.ttf */; };
		37DFC3DD2A9BB13100C4951B /* Poppins-Light.ttf in Resources */ = {isa = PBXBuildFile; fileRef = 37DFC3CB2A9BB13100C4951B /* Poppins-Light.ttf */; };
		37DFC3DE2A9BB13100C4951B /* Poppins-ExtraBoldItalic.ttf in Resources */ = {isa = PBXBuildFile; fileRef = 37DFC3CC2A9BB13100C4951B /* Poppins-ExtraBoldItalic.ttf */; };
		37DFC3DF2A9BB13100C4951B /* Poppins-Bold.ttf in Resources */ = {isa = PBXBuildFile; fileRef = 37DFC3CD2A9BB13100C4951B /* Poppins-Bold.ttf */; };
		37DFC3E02A9BB13100C4951B /* Poppins-Thin.ttf in Resources */ = {isa = PBXBuildFile; fileRef = 37DFC3CE2A9BB13100C4951B /* Poppins-Thin.ttf */; };
		37DFC3E12A9BB13100C4951B /* Poppins-Regular.ttf in Resources */ = {isa = PBXBuildFile; fileRef = 37DFC3CF2A9BB13100C4951B /* Poppins-Regular.ttf */; };
		37DFC3E22A9BB13100C4951B /* Poppins-BoldItalic.ttf in Resources */ = {isa = PBXBuildFile; fileRef = 37DFC3D02A9BB13100C4951B /* Poppins-BoldItalic.ttf */; };
		37DFC3E32A9BB13100C4951B /* Poppins-SemiBoldItalic.ttf in Resources */ = {isa = PBXBuildFile; fileRef = 37DFC3D12A9BB13100C4951B /* Poppins-SemiBoldItalic.ttf */; };
		37DFC3E42A9BB13100C4951B /* Poppins-ThinItalic.ttf in Resources */ = {isa = PBXBuildFile; fileRef = 37DFC3D22A9BB13100C4951B /* Poppins-ThinItalic.ttf */; };
		37DFC3E52A9BB13100C4951B /* Poppins-MediumItalic.ttf in Resources */ = {isa = PBXBuildFile; fileRef = 37DFC3D32A9BB13100C4951B /* Poppins-MediumItalic.ttf */; };
		37DFC3E62A9BB13100C4951B /* Poppins-Black.ttf in Resources */ = {isa = PBXBuildFile; fileRef = 37DFC3D42A9BB13100C4951B /* Poppins-Black.ttf */; };
		37DFC3E72A9BB13100C4951B /* Poppins-Medium.ttf in Resources */ = {isa = PBXBuildFile; fileRef = 37DFC3D52A9BB13100C4951B /* Poppins-Medium.ttf */; };
		37DFC3E82A9BB13100C4951B /* Poppins-LightItalic.ttf in Resources */ = {isa = PBXBuildFile; fileRef = 37DFC3D62A9BB13100C4951B /* Poppins-LightItalic.ttf */; };
		37DFC3E92A9BB13100C4951B /* Poppins-BlackItalic.ttf in Resources */ = {isa = PBXBuildFile; fileRef = 37DFC3D72A9BB13100C4951B /* Poppins-BlackItalic.ttf */; };
		37DFC3EA2A9BB13100C4951B /* Poppins-ExtraLightItalic.ttf in Resources */ = {isa = PBXBuildFile; fileRef = 37DFC3D82A9BB13100C4951B /* Poppins-ExtraLightItalic.ttf */; };
		37DFC3EB2A9BB13100C4951B /* Poppins-ExtraLight.ttf in Resources */ = {isa = PBXBuildFile; fileRef = 37DFC3D92A9BB13100C4951B /* Poppins-ExtraLight.ttf */; };
		37DFC3ED2A9BE15100C4951B /* OnboardingScreens.swift in Sources */ = {isa = PBXBuildFile; fileRef = 37DFC3EC2A9BE15100C4951B /* OnboardingScreens.swift */; };
		37DFC3EF2A9E8FD200C4951B /* InitialOnboardingScreen.swift in Sources */ = {isa = PBXBuildFile; fileRef = 37DFC3EE2A9E8FD200C4951B /* InitialOnboardingScreen.swift */; };
		443403252AACCBD80014D604 /* SearchViewController.swift in Sources */ = {isa = PBXBuildFile; fileRef = 443403242AACCBD80014D604 /* SearchViewController.swift */; };
		443403272AACEC9F0014D604 /* SearchModel.swift in Sources */ = {isa = PBXBuildFile; fileRef = 443403262AACEC9F0014D604 /* SearchModel.swift */; };
		444456E12A9AA042003BA976 /* Theme.swift in Sources */ = {isa = PBXBuildFile; fileRef = 444456E02A9AA042003BA976 /* Theme.swift */; };
		444457042A9DC931003BA976 /* README_CHALLENGE_2.md in Resources */ = {isa = PBXBuildFile; fileRef = 444457032A9DC931003BA976 /* README_CHALLENGE_2.md */; };
		44A877F02A9A880300241ED3 /* AppDelegate.swift in Sources */ = {isa = PBXBuildFile; fileRef = 44A877EF2A9A880300241ED3 /* AppDelegate.swift */; };
		44A877F22A9A880300241ED3 /* SceneDelegate.swift in Sources */ = {isa = PBXBuildFile; fileRef = 44A877F12A9A880300241ED3 /* SceneDelegate.swift */; };
		44A877F42A9A880300241ED3 /* OnboardingViewController.swift in Sources */ = {isa = PBXBuildFile; fileRef = 44A877F32A9A880300241ED3 /* OnboardingViewController.swift */; };
		44A877F92A9A880500241ED3 /* Assets.xcassets in Resources */ = {isa = PBXBuildFile; fileRef = 44A877F82A9A880500241ED3 /* Assets.xcassets */; };
		44A877FC2A9A880500241ED3 /* LaunchScreen.storyboard in Resources */ = {isa = PBXBuildFile; fileRef = 44A877FA2A9A880500241ED3 /* LaunchScreen.storyboard */; };
		44CD41ED2AB0512800E8EF4A /* SearchRecipeTableViewCell.swift in Sources */ = {isa = PBXBuildFile; fileRef = 44CD41EC2AB0512800E8EF4A /* SearchRecipeTableViewCell.swift */; };
		44CD41F02AB056FD00E8EF4A /* Kingfisher in Frameworks */ = {isa = PBXBuildFile; productRef = 44CD41EF2AB056FD00E8EF4A /* Kingfisher */; };
		44CD41F32AB05B2200E8EF4A /* NetworkManager.swift in Sources */ = {isa = PBXBuildFile; fileRef = 44CD41F22AB05B2200E8EF4A /* NetworkManager.swift */; };
		44CD41F72AB0611800E8EF4A /* SearchRecipeViewController.swift in Sources */ = {isa = PBXBuildFile; fileRef = 44CD41F62AB0611800E8EF4A /* SearchRecipeViewController.swift */; };
		44CD41F92AB0615600E8EF4A /* URLGenerate.swift in Sources */ = {isa = PBXBuildFile; fileRef = 44CD41F82AB0615600E8EF4A /* URLGenerate.swift */; };
		44CD41FB2AB064EC00E8EF4A /* SearchRecipe.swift in Sources */ = {isa = PBXBuildFile; fileRef = 44CD41FA2AB064EC00E8EF4A /* SearchRecipe.swift */; };
		44CD41FD2AB06A3200E8EF4A /* DetailRecipeModel.swift in Sources */ = {isa = PBXBuildFile; fileRef = 44CD41FC2AB06A3200E8EF4A /* DetailRecipeModel.swift */; };
		44CFC7152AA1215B0065717C /* SeeAllTrendingCell.swift in Sources */ = {isa = PBXBuildFile; fileRef = 44CFC7132AA1215B0065717C /* SeeAllTrendingCell.swift */; };
		44CFC7162AA1215B0065717C /* TrendingNowCell.swift in Sources */ = {isa = PBXBuildFile; fileRef = 44CFC7142AA1215B0065717C /* TrendingNowCell.swift */; };
		44CFC7182AA1225F0065717C /* UILabel+Extension.swift in Sources */ = {isa = PBXBuildFile; fileRef = 44CFC7172AA1225F0065717C /* UILabel+Extension.swift */; };
		44CFC71D2AA124F50065717C /* RecipeViewControllerScreen.swift in Sources */ = {isa = PBXBuildFile; fileRef = 44CFC71A2AA124F50065717C /* RecipeViewControllerScreen.swift */; };
		44CFC7222AA127210065717C /* UIStack + Extension.swift in Sources */ = {isa = PBXBuildFile; fileRef = 44CFC7212AA127210065717C /* UIStack + Extension.swift */; };
		44CFC7242AA129ED0065717C /* RecipeCell.swift in Sources */ = {isa = PBXBuildFile; fileRef = 44CFC7232AA129ED0065717C /* RecipeCell.swift */; };
		44CFC72B2AA1FC6C0065717C /* Model.swift in Sources */ = {isa = PBXBuildFile; fileRef = 44CFC72A2AA1FC6C0065717C /* Model.swift */; };
		44CFC7302AA33A720065717C /* SnapKit in Frameworks */ = {isa = PBXBuildFile; productRef = 44CFC72F2AA33A720065717C /* SnapKit */; };
		44E53FCA2A9A91CC00B6BBBE /* UIColor+Extension.swift in Sources */ = {isa = PBXBuildFile; fileRef = 44E53FC92A9A91CC00B6BBBE /* UIColor+Extension.swift */; };
/* End PBXBuildFile section */

/* Begin PBXFileReference section */
		1695647D2AA3585300A9F79C /* DiscoverViewContoller.swift */ = {isa = PBXFileReference; lastKnownFileType = sourcecode.swift; path = DiscoverViewContoller.swift; sourceTree = "<group>"; };
		1695647F2AA358EF00A9F79C /* SavedDishCollectionCell.swift */ = {isa = PBXFileReference; lastKnownFileType = sourcecode.swift; path = SavedDishCollectionCell.swift; sourceTree = "<group>"; };
		16D3CF362AA9DF8A004563DA /* RecipeModel.swift */ = {isa = PBXFileReference; lastKnownFileType = sourcecode.swift; path = RecipeModel.swift; sourceTree = "<group>"; };
		16D3CF382AA9DFC1004563DA /* ApiManager.swift */ = {isa = PBXFileReference; lastKnownFileType = sourcecode.swift; path = ApiManager.swift; sourceTree = "<group>"; };
		16D3CF3F2AAB6B09004563DA /* DisplayData.swift */ = {isa = PBXFileReference; lastKnownFileType = sourcecode.swift; path = DisplayData.swift; sourceTree = "<group>"; };
		16FA368C2A9C6DC400C9917C /* SeeAllViewController.swift */ = {isa = PBXFileReference; lastKnownFileType = sourcecode.swift; path = SeeAllViewController.swift; sourceTree = "<group>"; };
		2F9FC0182AAC1F54004E0AE6 /* MealType.swift */ = {isa = PBXFileReference; lastKnownFileType = sourcecode.swift; path = MealType.swift; sourceTree = "<group>"; };
		2F9FC01A2AAC47A4004E0AE6 /* MealTypeData.swift */ = {isa = PBXFileReference; lastKnownFileType = sourcecode.swift; path = MealTypeData.swift; sourceTree = "<group>"; };
		2FCAFAFA2AA1B2940010C61B /* SectionHeader.swift */ = {isa = PBXFileReference; fileEncoding = 4; lastKnownFileType = sourcecode.swift; path = SectionHeader.swift; sourceTree = "<group>"; };
		2FCAFAFC2AA1B2CC0010C61B /* HomeViewControllerFilterCell.swift */ = {isa = PBXFileReference; fileEncoding = 4; lastKnownFileType = sourcecode.swift; path = HomeViewControllerFilterCell.swift; sourceTree = "<group>"; };
		2FCAFAFE2AA1B2D30010C61B /* HomeViewControllerPopularCell.swift */ = {isa = PBXFileReference; fileEncoding = 4; lastKnownFileType = sourcecode.swift; path = HomeViewControllerPopularCell.swift; sourceTree = "<group>"; };
		2FCAFB002AA1B2DD0010C61B /* HomeViewControllerRecentRecipeCell.swift */ = {isa = PBXFileReference; fileEncoding = 4; lastKnownFileType = sourcecode.swift; path = HomeViewControllerRecentRecipeCell.swift; sourceTree = "<group>"; };
		2FCAFB022AA1B2E50010C61B /* HomeViewControllerTrendingCell.swift */ = {isa = PBXFileReference; fileEncoding = 4; lastKnownFileType = sourcecode.swift; path = HomeViewControllerTrendingCell.swift; sourceTree = "<group>"; };
		37DA4BF32AA35E4E00AB64DC /* CustomTabBarController.swift */ = {isa = PBXFileReference; lastKnownFileType = sourcecode.swift; path = CustomTabBarController.swift; sourceTree = "<group>"; };
		37DA4BF52AA35E5C00AB64DC /* CustomTabBar.swift */ = {isa = PBXFileReference; lastKnownFileType = sourcecode.swift; path = CustomTabBar.swift; sourceTree = "<group>"; };
		37DA4BF82AA481B200AB64DC /* CreateRecipeViewController.swift */ = {isa = PBXFileReference; lastKnownFileType = sourcecode.swift; path = CreateRecipeViewController.swift; sourceTree = "<group>"; };
		37DFC3B62A9BA5E000C4951B /* MainViewController.swift */ = {isa = PBXFileReference; fileEncoding = 4; lastKnownFileType = sourcecode.swift; path = MainViewController.swift; sourceTree = "<group>"; };
		37DFC3BD2A9BA6CB00C4951B /* ProfileViewController.swift */ = {isa = PBXFileReference; lastKnownFileType = sourcecode.swift; path = ProfileViewController.swift; sourceTree = "<group>"; };
		37DFC3BF2A9BA6D700C4951B /* BellViewController.swift */ = {isa = PBXFileReference; lastKnownFileType = sourcecode.swift; path = BellViewController.swift; sourceTree = "<group>"; };
		37DFC3C12A9BA6F100C4951B /* FavoriteViewController.swift */ = {isa = PBXFileReference; lastKnownFileType = sourcecode.swift; path = FavoriteViewController.swift; sourceTree = "<group>"; };
		37DFC3C32A9BA6FD00C4951B /* HomeViewController.swift */ = {isa = PBXFileReference; lastKnownFileType = sourcecode.swift; path = HomeViewController.swift; sourceTree = "<group>"; };
		37DFC3C52A9BAED100C4951B /* UIViewController+Utils.swift */ = {isa = PBXFileReference; lastKnownFileType = sourcecode.swift; path = "UIViewController+Utils.swift"; sourceTree = "<group>"; };
		37DFC3C82A9BB13000C4951B /* Poppins-ExtraBold.ttf */ = {isa = PBXFileReference; lastKnownFileType = file; path = "Poppins-ExtraBold.ttf"; sourceTree = "<group>"; };
		37DFC3C92A9BB13100C4951B /* Poppins-Italic.ttf */ = {isa = PBXFileReference; lastKnownFileType = file; path = "Poppins-Italic.ttf"; sourceTree = "<group>"; };
		37DFC3CA2A9BB13100C4951B /* Poppins-SemiBold.ttf */ = {isa = PBXFileReference; lastKnownFileType = file; path = "Poppins-SemiBold.ttf"; sourceTree = "<group>"; };
		37DFC3CB2A9BB13100C4951B /* Poppins-Light.ttf */ = {isa = PBXFileReference; lastKnownFileType = file; path = "Poppins-Light.ttf"; sourceTree = "<group>"; };
		37DFC3CC2A9BB13100C4951B /* Poppins-ExtraBoldItalic.ttf */ = {isa = PBXFileReference; lastKnownFileType = file; path = "Poppins-ExtraBoldItalic.ttf"; sourceTree = "<group>"; };
		37DFC3CD2A9BB13100C4951B /* Poppins-Bold.ttf */ = {isa = PBXFileReference; lastKnownFileType = file; path = "Poppins-Bold.ttf"; sourceTree = "<group>"; };
		37DFC3CE2A9BB13100C4951B /* Poppins-Thin.ttf */ = {isa = PBXFileReference; lastKnownFileType = file; path = "Poppins-Thin.ttf"; sourceTree = "<group>"; };
		37DFC3CF2A9BB13100C4951B /* Poppins-Regular.ttf */ = {isa = PBXFileReference; lastKnownFileType = file; path = "Poppins-Regular.ttf"; sourceTree = "<group>"; };
		37DFC3D02A9BB13100C4951B /* Poppins-BoldItalic.ttf */ = {isa = PBXFileReference; lastKnownFileType = file; path = "Poppins-BoldItalic.ttf"; sourceTree = "<group>"; };
		37DFC3D12A9BB13100C4951B /* Poppins-SemiBoldItalic.ttf */ = {isa = PBXFileReference; lastKnownFileType = file; path = "Poppins-SemiBoldItalic.ttf"; sourceTree = "<group>"; };
		37DFC3D22A9BB13100C4951B /* Poppins-ThinItalic.ttf */ = {isa = PBXFileReference; lastKnownFileType = file; path = "Poppins-ThinItalic.ttf"; sourceTree = "<group>"; };
		37DFC3D32A9BB13100C4951B /* Poppins-MediumItalic.ttf */ = {isa = PBXFileReference; lastKnownFileType = file; path = "Poppins-MediumItalic.ttf"; sourceTree = "<group>"; };
		37DFC3D42A9BB13100C4951B /* Poppins-Black.ttf */ = {isa = PBXFileReference; lastKnownFileType = file; path = "Poppins-Black.ttf"; sourceTree = "<group>"; };
		37DFC3D52A9BB13100C4951B /* Poppins-Medium.ttf */ = {isa = PBXFileReference; lastKnownFileType = file; path = "Poppins-Medium.ttf"; sourceTree = "<group>"; };
		37DFC3D62A9BB13100C4951B /* Poppins-LightItalic.ttf */ = {isa = PBXFileReference; lastKnownFileType = file; path = "Poppins-LightItalic.ttf"; sourceTree = "<group>"; };
		37DFC3D72A9BB13100C4951B /* Poppins-BlackItalic.ttf */ = {isa = PBXFileReference; lastKnownFileType = file; path = "Poppins-BlackItalic.ttf"; sourceTree = "<group>"; };
		37DFC3D82A9BB13100C4951B /* Poppins-ExtraLightItalic.ttf */ = {isa = PBXFileReference; lastKnownFileType = file; path = "Poppins-ExtraLightItalic.ttf"; sourceTree = "<group>"; };
		37DFC3D92A9BB13100C4951B /* Poppins-ExtraLight.ttf */ = {isa = PBXFileReference; lastKnownFileType = file; path = "Poppins-ExtraLight.ttf"; sourceTree = "<group>"; };
		37DFC3EC2A9BE15100C4951B /* OnboardingScreens.swift */ = {isa = PBXFileReference; lastKnownFileType = sourcecode.swift; path = OnboardingScreens.swift; sourceTree = "<group>"; };
		37DFC3EE2A9E8FD200C4951B /* InitialOnboardingScreen.swift */ = {isa = PBXFileReference; lastKnownFileType = sourcecode.swift; path = InitialOnboardingScreen.swift; sourceTree = "<group>"; };
		443403242AACCBD80014D604 /* SearchViewController.swift */ = {isa = PBXFileReference; lastKnownFileType = sourcecode.swift; path = SearchViewController.swift; sourceTree = "<group>"; };
		443403262AACEC9F0014D604 /* SearchModel.swift */ = {isa = PBXFileReference; lastKnownFileType = sourcecode.swift; path = SearchModel.swift; sourceTree = "<group>"; };
		444456E02A9AA042003BA976 /* Theme.swift */ = {isa = PBXFileReference; lastKnownFileType = sourcecode.swift; path = Theme.swift; sourceTree = "<group>"; };
		444457032A9DC931003BA976 /* README_CHALLENGE_2.md */ = {isa = PBXFileReference; fileEncoding = 4; lastKnownFileType = net.daringfireball.markdown; path = README_CHALLENGE_2.md; sourceTree = "<group>"; };
		44A877EC2A9A880300241ED3 /* CHALLENGE_2_Best_Recipes.app */ = {isa = PBXFileReference; explicitFileType = wrapper.application; includeInIndex = 0; path = CHALLENGE_2_Best_Recipes.app; sourceTree = BUILT_PRODUCTS_DIR; };
		44A877EF2A9A880300241ED3 /* AppDelegate.swift */ = {isa = PBXFileReference; lastKnownFileType = sourcecode.swift; path = AppDelegate.swift; sourceTree = "<group>"; };
		44A877F12A9A880300241ED3 /* SceneDelegate.swift */ = {isa = PBXFileReference; lastKnownFileType = sourcecode.swift; path = SceneDelegate.swift; sourceTree = "<group>"; };
		44A877F32A9A880300241ED3 /* OnboardingViewController.swift */ = {isa = PBXFileReference; lastKnownFileType = sourcecode.swift; path = OnboardingViewController.swift; sourceTree = "<group>"; };
		44A877F82A9A880500241ED3 /* Assets.xcassets */ = {isa = PBXFileReference; lastKnownFileType = folder.assetcatalog; path = Assets.xcassets; sourceTree = "<group>"; };
		44A877FB2A9A880500241ED3 /* Base */ = {isa = PBXFileReference; lastKnownFileType = file.storyboard; name = Base; path = Base.lproj/LaunchScreen.storyboard; sourceTree = "<group>"; };
		44A877FD2A9A880500241ED3 /* Info.plist */ = {isa = PBXFileReference; lastKnownFileType = text.plist.xml; path = Info.plist; sourceTree = "<group>"; };
		44CD41EC2AB0512800E8EF4A /* SearchRecipeTableViewCell.swift */ = {isa = PBXFileReference; lastKnownFileType = sourcecode.swift; path = SearchRecipeTableViewCell.swift; sourceTree = "<group>"; };
		44CD41F22AB05B2200E8EF4A /* NetworkManager.swift */ = {isa = PBXFileReference; lastKnownFileType = sourcecode.swift; path = NetworkManager.swift; sourceTree = "<group>"; };
		44CD41F62AB0611800E8EF4A /* SearchRecipeViewController.swift */ = {isa = PBXFileReference; lastKnownFileType = sourcecode.swift; path = SearchRecipeViewController.swift; sourceTree = "<group>"; };
		44CD41F82AB0615600E8EF4A /* URLGenerate.swift */ = {isa = PBXFileReference; lastKnownFileType = sourcecode.swift; path = URLGenerate.swift; sourceTree = "<group>"; };
		44CD41FA2AB064EC00E8EF4A /* SearchRecipe.swift */ = {isa = PBXFileReference; lastKnownFileType = sourcecode.swift; path = SearchRecipe.swift; sourceTree = "<group>"; };
		44CD41FC2AB06A3200E8EF4A /* DetailRecipeModel.swift */ = {isa = PBXFileReference; lastKnownFileType = sourcecode.swift; path = DetailRecipeModel.swift; sourceTree = "<group>"; };
		44CFC7132AA1215B0065717C /* SeeAllTrendingCell.swift */ = {isa = PBXFileReference; fileEncoding = 4; lastKnownFileType = sourcecode.swift; path = SeeAllTrendingCell.swift; sourceTree = "<group>"; };
		44CFC7142AA1215B0065717C /* TrendingNowCell.swift */ = {isa = PBXFileReference; fileEncoding = 4; lastKnownFileType = sourcecode.swift; path = TrendingNowCell.swift; sourceTree = "<group>"; };
		44CFC7172AA1225F0065717C /* UILabel+Extension.swift */ = {isa = PBXFileReference; fileEncoding = 4; lastKnownFileType = sourcecode.swift; path = "UILabel+Extension.swift"; sourceTree = "<group>"; };
		44CFC71A2AA124F50065717C /* RecipeViewControllerScreen.swift */ = {isa = PBXFileReference; fileEncoding = 4; lastKnownFileType = sourcecode.swift; path = RecipeViewControllerScreen.swift; sourceTree = "<group>"; };
		44CFC7212AA127210065717C /* UIStack + Extension.swift */ = {isa = PBXFileReference; fileEncoding = 4; lastKnownFileType = sourcecode.swift; path = "UIStack + Extension.swift"; sourceTree = "<group>"; };
		44CFC7232AA129ED0065717C /* RecipeCell.swift */ = {isa = PBXFileReference; lastKnownFileType = sourcecode.swift; path = RecipeCell.swift; sourceTree = "<group>"; };
		44CFC72A2AA1FC6C0065717C /* Model.swift */ = {isa = PBXFileReference; lastKnownFileType = sourcecode.swift; path = Model.swift; sourceTree = "<group>"; };
		44E53FC92A9A91CC00B6BBBE /* UIColor+Extension.swift */ = {isa = PBXFileReference; lastKnownFileType = sourcecode.swift; path = "UIColor+Extension.swift"; sourceTree = "<group>"; };
/* End PBXFileReference section */

/* Begin PBXFrameworksBuildPhase section */
		44A877E92A9A880300241ED3 /* Frameworks */ = {
			isa = PBXFrameworksBuildPhase;
			buildActionMask = 2147483647;
			files = (
				44CD41F02AB056FD00E8EF4A /* Kingfisher in Frameworks */,
				16D3CF3C2AA9E045004563DA /* SDWebImage in Frameworks */,
				44CFC7302AA33A720065717C /* SnapKit in Frameworks */,
			);
			runOnlyForDeploymentPostprocessing = 0;
		};
/* End PBXFrameworksBuildPhase section */

/* Begin PBXGroup section */
		169564792AA357F200A9F79C /* DiscoverScreen */ = {
			isa = PBXGroup;
			children = (
				1695647C2AA3581400A9F79C /* Model */,
				1695647B2AA3580E00A9F79C /* View */,
				1695647A2AA3580600A9F79C /* Controller */,
			);
			path = DiscoverScreen;
			sourceTree = "<group>";
		};
		1695647A2AA3580600A9F79C /* Controller */ = {
			isa = PBXGroup;
			children = (
				1695647D2AA3585300A9F79C /* DiscoverViewContoller.swift */,
			);
			path = Controller;
			sourceTree = "<group>";
		};
		1695647B2AA3580E00A9F79C /* View */ = {
			isa = PBXGroup;
			children = (
				1695647F2AA358EF00A9F79C /* SavedDishCollectionCell.swift */,
			);
			path = View;
			sourceTree = "<group>";
		};
		1695647C2AA3581400A9F79C /* Model */ = {
			isa = PBXGroup;
			children = (
			);
			path = Model;
			sourceTree = "<group>";
		};
		16D3CF352AA9DF71004563DA /* Networking */ = {
			isa = PBXGroup;
			children = (
				443403262AACEC9F0014D604 /* SearchModel.swift */,
				16D3CF362AA9DF8A004563DA /* RecipeModel.swift */,
				2F9FC01A2AAC47A4004E0AE6 /* MealTypeData.swift */,
				16D3CF382AA9DFC1004563DA /* ApiManager.swift */,
				16D3CF3F2AAB6B09004563DA /* DisplayData.swift */,
			);
			path = Networking;
			sourceTree = "<group>";
		};
		16FA368B2A9C6DA100C9917C /* SeeAllScreen */ = {
			isa = PBXGroup;
			children = (
				16FA368E2A9C734500C9917C /* View */,
				16FA36902A9C735800C9917C /* Controller */,
			);
			path = SeeAllScreen;
			sourceTree = "<group>";
		};
		16FA368E2A9C734500C9917C /* View */ = {
			isa = PBXGroup;
			children = (
				44CFC7132AA1215B0065717C /* SeeAllTrendingCell.swift */,
				44CFC7142AA1215B0065717C /* TrendingNowCell.swift */,
			);
			path = View;
			sourceTree = "<group>";
		};
		16FA36902A9C735800C9917C /* Controller */ = {
			isa = PBXGroup;
			children = (
				16FA368C2A9C6DC400C9917C /* SeeAllViewController.swift */,
			);
			path = Controller;
			sourceTree = "<group>";
		};
		2FCAFAF92AA1B20E0010C61B /* Cells */ = {
			isa = PBXGroup;
			children = (
				2FCAFAFC2AA1B2CC0010C61B /* HomeViewControllerFilterCell.swift */,
				2FCAFAFE2AA1B2D30010C61B /* HomeViewControllerPopularCell.swift */,
				2FCAFB002AA1B2DD0010C61B /* HomeViewControllerRecentRecipeCell.swift */,
				2FCAFB022AA1B2E50010C61B /* HomeViewControllerTrendingCell.swift */,
			);
			path = Cells;
			sourceTree = "<group>";
		};
		37DA4BF22AA35E3100AB64DC /* CustomTabBar */ = {
			isa = PBXGroup;
			children = (
				37DA4BF32AA35E4E00AB64DC /* CustomTabBarController.swift */,
				37DA4BF52AA35E5C00AB64DC /* CustomTabBar.swift */,
			);
			path = CustomTabBar;
			sourceTree = "<group>";
		};
		37DA4BF72AA4819700AB64DC /* CreateRecipeScreen */ = {
			isa = PBXGroup;
			children = (
				37DA4BF82AA481B200AB64DC /* CreateRecipeViewController.swift */,
			);
			path = CreateRecipeScreen;
			sourceTree = "<group>";
		};
		37DFC3AD2A9BA22C00C4951B /* App */ = {
			isa = PBXGroup;
			children = (
				44A877EF2A9A880300241ED3 /* AppDelegate.swift */,
				44A877F12A9A880300241ED3 /* SceneDelegate.swift */,
				44A877FD2A9A880500241ED3 /* Info.plist */,
			);
			path = App;
			sourceTree = "<group>";
		};
		37DFC3AE2A9BA2DE00C4951B /* OnboardingScreen */ = {
			isa = PBXGroup;
			children = (
				44A877F32A9A880300241ED3 /* OnboardingViewController.swift */,
				37DFC3EC2A9BE15100C4951B /* OnboardingScreens.swift */,
				37DFC3EE2A9E8FD200C4951B /* InitialOnboardingScreen.swift */,
			);
			path = OnboardingScreen;
			sourceTree = "<group>";
		};
		37DFC3B52A9BA5E000C4951B /* MainViewController */ = {
			isa = PBXGroup;
			children = (
				37DFC3B62A9BA5E000C4951B /* MainViewController.swift */,
			);
			path = MainViewController;
			sourceTree = "<group>";
		};
		37DFC3B92A9BA64800C4951B /* HomeScreen */ = {
			isa = PBXGroup;
			children = (
				2F9FC0182AAC1F54004E0AE6 /* MealType.swift */,
				2FCAFAF92AA1B20E0010C61B /* Cells */,
				37DFC3C32A9BA6FD00C4951B /* HomeViewController.swift */,
				2FCAFAFA2AA1B2940010C61B /* SectionHeader.swift */,
			);
			path = HomeScreen;
			sourceTree = "<group>";
		};
		37DFC3BA2A9BA65400C4951B /* FavoriteScreen */ = {
			isa = PBXGroup;
			children = (
				37DFC3C12A9BA6F100C4951B /* FavoriteViewController.swift */,
			);
			path = FavoriteScreen;
			sourceTree = "<group>";
		};
		37DFC3BB2A9BA66700C4951B /* BellScreen */ = {
			isa = PBXGroup;
			children = (
				37DFC3BF2A9BA6D700C4951B /* BellViewController.swift */,
			);
			path = BellScreen;
			sourceTree = "<group>";
		};
		37DFC3BC2A9BA6AA00C4951B /* ProfileScreen */ = {
			isa = PBXGroup;
			children = (
				37DFC3BD2A9BA6CB00C4951B /* ProfileViewController.swift */,
			);
			path = ProfileScreen;
			sourceTree = "<group>";
		};
		37DFC3C72A9BB11800C4951B /* Fonts */ = {
			isa = PBXGroup;
			children = (
				37DFC3D42A9BB13100C4951B /* Poppins-Black.ttf */,
				37DFC3D72A9BB13100C4951B /* Poppins-BlackItalic.ttf */,
				37DFC3CD2A9BB13100C4951B /* Poppins-Bold.ttf */,
				37DFC3D02A9BB13100C4951B /* Poppins-BoldItalic.ttf */,
				37DFC3C82A9BB13000C4951B /* Poppins-ExtraBold.ttf */,
				37DFC3CC2A9BB13100C4951B /* Poppins-ExtraBoldItalic.ttf */,
				37DFC3D92A9BB13100C4951B /* Poppins-ExtraLight.ttf */,
				37DFC3D82A9BB13100C4951B /* Poppins-ExtraLightItalic.ttf */,
				37DFC3C92A9BB13100C4951B /* Poppins-Italic.ttf */,
				37DFC3CB2A9BB13100C4951B /* Poppins-Light.ttf */,
				37DFC3D62A9BB13100C4951B /* Poppins-LightItalic.ttf */,
				37DFC3D52A9BB13100C4951B /* Poppins-Medium.ttf */,
				37DFC3D32A9BB13100C4951B /* Poppins-MediumItalic.ttf */,
				37DFC3CF2A9BB13100C4951B /* Poppins-Regular.ttf */,
				37DFC3CA2A9BB13100C4951B /* Poppins-SemiBold.ttf */,
				37DFC3D12A9BB13100C4951B /* Poppins-SemiBoldItalic.ttf */,
				37DFC3CE2A9BB13100C4951B /* Poppins-Thin.ttf */,
				37DFC3D22A9BB13100C4951B /* Poppins-ThinItalic.ttf */,
			);
			path = Fonts;
			sourceTree = "<group>";
		};
		443403232AACCBAC0014D604 /* SearchViewController */ = {
			isa = PBXGroup;
			children = (
				44CD41F62AB0611800E8EF4A /* SearchRecipeViewController.swift */,
				44CD41EC2AB0512800E8EF4A /* SearchRecipeTableViewCell.swift */,
				44CD41F12AB05ADE00E8EF4A /* Networking */,
				443403242AACCBD80014D604 /* SearchViewController.swift */,
			);
			path = SearchViewController;
			sourceTree = "<group>";
		};
		444457052A9DC9CF003BA976 /* RecipeViewControllerScreen */ = {
			isa = PBXGroup;
			children = (
				44CFC7292AA1FBFE0065717C /* Models */,
				44CFC7262AA1E95D0065717C /* Cell */,
				44CFC7252AA1E92F0065717C /* VC */,
			);
			path = RecipeViewControllerScreen;
			sourceTree = "<group>";
		};
		44A877E32A9A880300241ED3 = {
			isa = PBXGroup;
			children = (
				444457032A9DC931003BA976 /* README_CHALLENGE_2.md */,
				44A877EE2A9A880300241ED3 /* CHALLENGE_2_Best_Recipes */,
				44A877ED2A9A880300241ED3 /* Products */,
			);
			sourceTree = "<group>";
		};
		44A877ED2A9A880300241ED3 /* Products */ = {
			isa = PBXGroup;
			children = (
				44A877EC2A9A880300241ED3 /* CHALLENGE_2_Best_Recipes.app */,
			);
			name = Products;
			sourceTree = "<group>";
		};
		44A877EE2A9A880300241ED3 /* CHALLENGE_2_Best_Recipes */ = {
			isa = PBXGroup;
			children = (
				37DFC3AD2A9BA22C00C4951B /* App */,
				16D3CF352AA9DF71004563DA /* Networking */,
				44A878042A9A88F800241ED3 /* Modules */,
				44E53FC82A9A91BC00B6BBBE /* Extension */,
				44A878032A9A88D400241ED3 /* Resources */,
			);
			path = CHALLENGE_2_Best_Recipes;
			sourceTree = "<group>";
		};
		44A878032A9A88D400241ED3 /* Resources */ = {
			isa = PBXGroup;
			children = (
				37DFC3C72A9BB11800C4951B /* Fonts */,
				44A877F82A9A880500241ED3 /* Assets.xcassets */,
			);
			path = Resources;
			sourceTree = "<group>";
		};
		44A878042A9A88F800241ED3 /* Modules */ = {
			isa = PBXGroup;
			children = (
				37DA4BF72AA4819700AB64DC /* CreateRecipeScreen */,
				37DA4BF22AA35E3100AB64DC /* CustomTabBar */,
				169564792AA357F200A9F79C /* DiscoverScreen */,
				444457052A9DC9CF003BA976 /* RecipeViewControllerScreen */,
				16FA368B2A9C6DA100C9917C /* SeeAllScreen */,
				37DFC3BC2A9BA6AA00C4951B /* ProfileScreen */,
				37DFC3BB2A9BA66700C4951B /* BellScreen */,
				37DFC3BA2A9BA65400C4951B /* FavoriteScreen */,
				443403232AACCBAC0014D604 /* SearchViewController */,
				37DFC3B92A9BA64800C4951B /* HomeScreen */,
				37DFC3B52A9BA5E000C4951B /* MainViewController */,
				44A878072A9A894000241ED3 /* Launchscreen */,
				37DFC3AE2A9BA2DE00C4951B /* OnboardingScreen */,
			);
			path = Modules;
			sourceTree = "<group>";
		};
		44A878072A9A894000241ED3 /* Launchscreen */ = {
			isa = PBXGroup;
			children = (
				44A877FA2A9A880500241ED3 /* LaunchScreen.storyboard */,
			);
			path = Launchscreen;
			sourceTree = "<group>";
		};
		44CD41F12AB05ADE00E8EF4A /* Networking */ = {
			isa = PBXGroup;
			children = (
				44CD41FC2AB06A3200E8EF4A /* DetailRecipeModel.swift */,
				44CD41F22AB05B2200E8EF4A /* NetworkManager.swift */,
				44CD41F82AB0615600E8EF4A /* URLGenerate.swift */,
				44CD41FA2AB064EC00E8EF4A /* SearchRecipe.swift */,
			);
			path = Networking;
			sourceTree = "<group>";
		};
		44CFC7252AA1E92F0065717C /* VC */ = {
			isa = PBXGroup;
			children = (
				44CFC71A2AA124F50065717C /* RecipeViewControllerScreen.swift */,
			);
			path = VC;
			sourceTree = "<group>";
		};
		44CFC7262AA1E95D0065717C /* Cell */ = {
			isa = PBXGroup;
			children = (
				44CFC7232AA129ED0065717C /* RecipeCell.swift */,
			);
			path = Cell;
			sourceTree = "<group>";
		};
		44CFC7292AA1FBFE0065717C /* Models */ = {
			isa = PBXGroup;
			children = (
				44CFC72A2AA1FC6C0065717C /* Model.swift */,
			);
			path = Models;
			sourceTree = "<group>";
		};
		44E53FC82A9A91BC00B6BBBE /* Extension */ = {
			isa = PBXGroup;
			children = (
				444456E02A9AA042003BA976 /* Theme.swift */,
				44E53FC92A9A91CC00B6BBBE /* UIColor+Extension.swift */,
				37DFC3C52A9BAED100C4951B /* UIViewController+Utils.swift */,
				44CFC7172AA1225F0065717C /* UILabel+Extension.swift */,
				44CFC7212AA127210065717C /* UIStack + Extension.swift */,
			);
			path = Extension;
			sourceTree = "<group>";
		};
/* End PBXGroup section */

/* Begin PBXNativeTarget section */
		44A877EB2A9A880300241ED3 /* CHALLENGE_2_Best_Recipes */ = {
			isa = PBXNativeTarget;
			buildConfigurationList = 44A878002A9A880500241ED3 /* Build configuration list for PBXNativeTarget "CHALLENGE_2_Best_Recipes" */;
			buildPhases = (
				44A877E82A9A880300241ED3 /* Sources */,
				44A877E92A9A880300241ED3 /* Frameworks */,
				44A877EA2A9A880300241ED3 /* Resources */,
			);
			buildRules = (
			);
			dependencies = (
			);
			name = CHALLENGE_2_Best_Recipes;
			packageProductDependencies = (
				44CFC72F2AA33A720065717C /* SnapKit */,
				16D3CF3B2AA9E045004563DA /* SDWebImage */,
				44CD41EF2AB056FD00E8EF4A /* Kingfisher */,
			);
			productName = CHALLENGE_2_Best_Recipes;
			productReference = 44A877EC2A9A880300241ED3 /* CHALLENGE_2_Best_Recipes.app */;
			productType = "com.apple.product-type.application";
		};
/* End PBXNativeTarget section */

/* Begin PBXProject section */
		44A877E42A9A880300241ED3 /* Project object */ = {
			isa = PBXProject;
			attributes = {
				BuildIndependentTargetsInParallel = 1;
				LastSwiftUpdateCheck = 1430;
				LastUpgradeCheck = 1430;
				TargetAttributes = {
					44A877EB2A9A880300241ED3 = {
						CreatedOnToolsVersion = 14.3.1;
					};
				};
			};
			buildConfigurationList = 44A877E72A9A880300241ED3 /* Build configuration list for PBXProject "CHALLENGE_2_Best_Recipes" */;
			compatibilityVersion = "Xcode 14.0";
			developmentRegion = en;
			hasScannedForEncodings = 0;
			knownRegions = (
				en,
				Base,
			);
			mainGroup = 44A877E32A9A880300241ED3;
			packageReferences = (
				44CFC72E2AA33A720065717C /* XCRemoteSwiftPackageReference "SnapKit" */,
				16D3CF3A2AA9E045004563DA /* XCRemoteSwiftPackageReference "SDWebImage" */,
				44CD41EE2AB056FD00E8EF4A /* XCRemoteSwiftPackageReference "Kingfisher" */,
			);
			productRefGroup = 44A877ED2A9A880300241ED3 /* Products */;
			projectDirPath = "";
			projectRoot = "";
			targets = (
				44A877EB2A9A880300241ED3 /* CHALLENGE_2_Best_Recipes */,
			);
		};
/* End PBXProject section */

/* Begin PBXResourcesBuildPhase section */
		44A877EA2A9A880300241ED3 /* Resources */ = {
			isa = PBXResourcesBuildPhase;
			buildActionMask = 2147483647;
			files = (
				37DFC3EB2A9BB13100C4951B /* Poppins-ExtraLight.ttf in Resources */,
				37DFC3E82A9BB13100C4951B /* Poppins-LightItalic.ttf in Resources */,
				37DFC3DC2A9BB13100C4951B /* Poppins-SemiBold.ttf in Resources */,
				37DFC3EA2A9BB13100C4951B /* Poppins-ExtraLightItalic.ttf in Resources */,
				37DFC3DD2A9BB13100C4951B /* Poppins-Light.ttf in Resources */,
				44A877FC2A9A880500241ED3 /* LaunchScreen.storyboard in Resources */,
				37DFC3E02A9BB13100C4951B /* Poppins-Thin.ttf in Resources */,
				37DFC3DF2A9BB13100C4951B /* Poppins-Bold.ttf in Resources */,
				37DFC3E72A9BB13100C4951B /* Poppins-Medium.ttf in Resources */,
				37DFC3E52A9BB13100C4951B /* Poppins-MediumItalic.ttf in Resources */,
				37DFC3E32A9BB13100C4951B /* Poppins-SemiBoldItalic.ttf in Resources */,
				37DFC3DE2A9BB13100C4951B /* Poppins-ExtraBoldItalic.ttf in Resources */,
				37DFC3DA2A9BB13100C4951B /* Poppins-ExtraBold.ttf in Resources */,
				37DFC3E62A9BB13100C4951B /* Poppins-Black.ttf in Resources */,
				37DFC3DB2A9BB13100C4951B /* Poppins-Italic.ttf in Resources */,
				37DFC3E22A9BB13100C4951B /* Poppins-BoldItalic.ttf in Resources */,
				37DFC3E42A9BB13100C4951B /* Poppins-ThinItalic.ttf in Resources */,
				44A877F92A9A880500241ED3 /* Assets.xcassets in Resources */,
				444457042A9DC931003BA976 /* README_CHALLENGE_2.md in Resources */,
				37DFC3E92A9BB13100C4951B /* Poppins-BlackItalic.ttf in Resources */,
				37DFC3E12A9BB13100C4951B /* Poppins-Regular.ttf in Resources */,
			);
			runOnlyForDeploymentPostprocessing = 0;
		};
/* End PBXResourcesBuildPhase section */

/* Begin PBXSourcesBuildPhase section */
		44A877E82A9A880300241ED3 /* Sources */ = {
			isa = PBXSourcesBuildPhase;
			buildActionMask = 2147483647;
			files = (
				44CFC72B2AA1FC6C0065717C /* Model.swift in Sources */,
				44CFC7182AA1225F0065717C /* UILabel+Extension.swift in Sources */,
				2FCAFB032AA1B2E50010C61B /* HomeViewControllerTrendingCell.swift in Sources */,
				37DFC3B72A9BA5E000C4951B /* MainViewController.swift in Sources */,
				37DFC3C02A9BA6D700C4951B /* BellViewController.swift in Sources */,
				44CD41F72AB0611800E8EF4A /* SearchRecipeViewController.swift in Sources */,
				2FCAFAFB2AA1B2940010C61B /* SectionHeader.swift in Sources */,
				44A877F42A9A880300241ED3 /* OnboardingViewController.swift in Sources */,
				44CFC7222AA127210065717C /* UIStack + Extension.swift in Sources */,
				16D3CF402AAB6B09004563DA /* DisplayData.swift in Sources */,
				44CD41F92AB0615600E8EF4A /* URLGenerate.swift in Sources */,
				2FCAFAFD2AA1B2CC0010C61B /* HomeViewControllerFilterCell.swift in Sources */,
				37DFC3C22A9BA6F100C4951B /* FavoriteViewController.swift in Sources */,
				37DFC3ED2A9BE15100C4951B /* OnboardingScreens.swift in Sources */,
				44CD41FD2AB06A3200E8EF4A /* DetailRecipeModel.swift in Sources */,
				44A877F02A9A880300241ED3 /* AppDelegate.swift in Sources */,
				44A877F22A9A880300241ED3 /* SceneDelegate.swift in Sources */,
				16FA368D2A9C6DC400C9917C /* SeeAllViewController.swift in Sources */,
				37DFC3C62A9BAED100C4951B /* UIViewController+Utils.swift in Sources */,
				2F9FC01B2AAC47A4004E0AE6 /* MealTypeData.swift in Sources */,
				44CD41ED2AB0512800E8EF4A /* SearchRecipeTableViewCell.swift in Sources */,
				2FCAFB012AA1B2DD0010C61B /* HomeViewControllerRecentRecipeCell.swift in Sources */,
				44CFC7152AA1215B0065717C /* SeeAllTrendingCell.swift in Sources */,
				37DFC3C42A9BA6FD00C4951B /* HomeViewController.swift in Sources */,
				2FCAFAFF2AA1B2D30010C61B /* HomeViewControllerPopularCell.swift in Sources */,
				444456E12A9AA042003BA976 /* Theme.swift in Sources */,
				37DA4BF92AA481B200AB64DC /* CreateRecipeViewController.swift in Sources */,
				44CD41F32AB05B2200E8EF4A /* NetworkManager.swift in Sources */,
				16D3CF372AA9DF8A004563DA /* RecipeModel.swift in Sources */,
				44CFC71D2AA124F50065717C /* RecipeViewControllerScreen.swift in Sources */,
				37DFC3BE2A9BA6CB00C4951B /* ProfileViewController.swift in Sources */,
				443403252AACCBD80014D604 /* SearchViewController.swift in Sources */,
				37DA4BF42AA35E4E00AB64DC /* CustomTabBarController.swift in Sources */,
				44CFC7242AA129ED0065717C /* RecipeCell.swift in Sources */,
				169564802AA358EF00A9F79C /* SavedDishCollectionCell.swift in Sources */,
				1695647E2AA3585300A9F79C /* DiscoverViewContoller.swift in Sources */,
				2F9FC0192AAC1F54004E0AE6 /* MealType.swift in Sources */,
				16D3CF392AA9DFC1004563DA /* ApiManager.swift in Sources */,
				37DFC3EF2A9E8FD200C4951B /* InitialOnboardingScreen.swift in Sources */,
				44E53FCA2A9A91CC00B6BBBE /* UIColor+Extension.swift in Sources */,
				443403272AACEC9F0014D604 /* SearchModel.swift in Sources */,
				44CD41FB2AB064EC00E8EF4A /* SearchRecipe.swift in Sources */,
				44CFC7162AA1215B0065717C /* TrendingNowCell.swift in Sources */,
				37DA4BF62AA35E5C00AB64DC /* CustomTabBar.swift in Sources */,
			);
			runOnlyForDeploymentPostprocessing = 0;
		};
/* End PBXSourcesBuildPhase section */

/* Begin PBXVariantGroup section */
		44A877FA2A9A880500241ED3 /* LaunchScreen.storyboard */ = {
			isa = PBXVariantGroup;
			children = (
				44A877FB2A9A880500241ED3 /* Base */,
			);
			name = LaunchScreen.storyboard;
			sourceTree = "<group>";
		};
/* End PBXVariantGroup section */

/* Begin XCBuildConfiguration section */
		44A877FE2A9A880500241ED3 /* Debug */ = {
			isa = XCBuildConfiguration;
			buildSettings = {
				ALWAYS_SEARCH_USER_PATHS = NO;
				CLANG_ANALYZER_NONNULL = YES;
				CLANG_ANALYZER_NUMBER_OBJECT_CONVERSION = YES_AGGRESSIVE;
				CLANG_CXX_LANGUAGE_STANDARD = "gnu++20";
				CLANG_ENABLE_MODULES = YES;
				CLANG_ENABLE_OBJC_ARC = YES;
				CLANG_ENABLE_OBJC_WEAK = YES;
				CLANG_WARN_BLOCK_CAPTURE_AUTORELEASING = YES;
				CLANG_WARN_BOOL_CONVERSION = YES;
				CLANG_WARN_COMMA = YES;
				CLANG_WARN_CONSTANT_CONVERSION = YES;
				CLANG_WARN_DEPRECATED_OBJC_IMPLEMENTATIONS = YES;
				CLANG_WARN_DIRECT_OBJC_ISA_USAGE = YES_ERROR;
				CLANG_WARN_DOCUMENTATION_COMMENTS = YES;
				CLANG_WARN_EMPTY_BODY = YES;
				CLANG_WARN_ENUM_CONVERSION = YES;
				CLANG_WARN_INFINITE_RECURSION = YES;
				CLANG_WARN_INT_CONVERSION = YES;
				CLANG_WARN_NON_LITERAL_NULL_CONVERSION = YES;
				CLANG_WARN_OBJC_IMPLICIT_RETAIN_SELF = YES;
				CLANG_WARN_OBJC_LITERAL_CONVERSION = YES;
				CLANG_WARN_OBJC_ROOT_CLASS = YES_ERROR;
				CLANG_WARN_QUOTED_INCLUDE_IN_FRAMEWORK_HEADER = YES;
				CLANG_WARN_RANGE_LOOP_ANALYSIS = YES;
				CLANG_WARN_STRICT_PROTOTYPES = YES;
				CLANG_WARN_SUSPICIOUS_MOVE = YES;
				CLANG_WARN_UNGUARDED_AVAILABILITY = YES_AGGRESSIVE;
				CLANG_WARN_UNREACHABLE_CODE = YES;
				CLANG_WARN__DUPLICATE_METHOD_MATCH = YES;
				COPY_PHASE_STRIP = NO;
				DEBUG_INFORMATION_FORMAT = dwarf;
				ENABLE_STRICT_OBJC_MSGSEND = YES;
				ENABLE_TESTABILITY = YES;
				GCC_C_LANGUAGE_STANDARD = gnu11;
				GCC_DYNAMIC_NO_PIC = NO;
				GCC_NO_COMMON_BLOCKS = YES;
				GCC_OPTIMIZATION_LEVEL = 0;
				GCC_PREPROCESSOR_DEFINITIONS = (
					"DEBUG=1",
					"$(inherited)",
				);
				GCC_WARN_64_TO_32_BIT_CONVERSION = YES;
				GCC_WARN_ABOUT_RETURN_TYPE = YES_ERROR;
				GCC_WARN_UNDECLARED_SELECTOR = YES;
				GCC_WARN_UNINITIALIZED_AUTOS = YES_AGGRESSIVE;
				GCC_WARN_UNUSED_FUNCTION = YES;
				GCC_WARN_UNUSED_VARIABLE = YES;
				IPHONEOS_DEPLOYMENT_TARGET = 16.4;
				MTL_ENABLE_DEBUG_INFO = INCLUDE_SOURCE;
				MTL_FAST_MATH = YES;
				ONLY_ACTIVE_ARCH = YES;
				SDKROOT = iphoneos;
				SWIFT_ACTIVE_COMPILATION_CONDITIONS = DEBUG;
				SWIFT_OPTIMIZATION_LEVEL = "-Onone";
			};
			name = Debug;
		};
		44A877FF2A9A880500241ED3 /* Release */ = {
			isa = XCBuildConfiguration;
			buildSettings = {
				ALWAYS_SEARCH_USER_PATHS = NO;
				CLANG_ANALYZER_NONNULL = YES;
				CLANG_ANALYZER_NUMBER_OBJECT_CONVERSION = YES_AGGRESSIVE;
				CLANG_CXX_LANGUAGE_STANDARD = "gnu++20";
				CLANG_ENABLE_MODULES = YES;
				CLANG_ENABLE_OBJC_ARC = YES;
				CLANG_ENABLE_OBJC_WEAK = YES;
				CLANG_WARN_BLOCK_CAPTURE_AUTORELEASING = YES;
				CLANG_WARN_BOOL_CONVERSION = YES;
				CLANG_WARN_COMMA = YES;
				CLANG_WARN_CONSTANT_CONVERSION = YES;
				CLANG_WARN_DEPRECATED_OBJC_IMPLEMENTATIONS = YES;
				CLANG_WARN_DIRECT_OBJC_ISA_USAGE = YES_ERROR;
				CLANG_WARN_DOCUMENTATION_COMMENTS = YES;
				CLANG_WARN_EMPTY_BODY = YES;
				CLANG_WARN_ENUM_CONVERSION = YES;
				CLANG_WARN_INFINITE_RECURSION = YES;
				CLANG_WARN_INT_CONVERSION = YES;
				CLANG_WARN_NON_LITERAL_NULL_CONVERSION = YES;
				CLANG_WARN_OBJC_IMPLICIT_RETAIN_SELF = YES;
				CLANG_WARN_OBJC_LITERAL_CONVERSION = YES;
				CLANG_WARN_OBJC_ROOT_CLASS = YES_ERROR;
				CLANG_WARN_QUOTED_INCLUDE_IN_FRAMEWORK_HEADER = YES;
				CLANG_WARN_RANGE_LOOP_ANALYSIS = YES;
				CLANG_WARN_STRICT_PROTOTYPES = YES;
				CLANG_WARN_SUSPICIOUS_MOVE = YES;
				CLANG_WARN_UNGUARDED_AVAILABILITY = YES_AGGRESSIVE;
				CLANG_WARN_UNREACHABLE_CODE = YES;
				CLANG_WARN__DUPLICATE_METHOD_MATCH = YES;
				COPY_PHASE_STRIP = NO;
				DEBUG_INFORMATION_FORMAT = "dwarf-with-dsym";
				ENABLE_NS_ASSERTIONS = NO;
				ENABLE_STRICT_OBJC_MSGSEND = YES;
				GCC_C_LANGUAGE_STANDARD = gnu11;
				GCC_NO_COMMON_BLOCKS = YES;
				GCC_WARN_64_TO_32_BIT_CONVERSION = YES;
				GCC_WARN_ABOUT_RETURN_TYPE = YES_ERROR;
				GCC_WARN_UNDECLARED_SELECTOR = YES;
				GCC_WARN_UNINITIALIZED_AUTOS = YES_AGGRESSIVE;
				GCC_WARN_UNUSED_FUNCTION = YES;
				GCC_WARN_UNUSED_VARIABLE = YES;
				IPHONEOS_DEPLOYMENT_TARGET = 16.4;
				MTL_ENABLE_DEBUG_INFO = NO;
				MTL_FAST_MATH = YES;
				SDKROOT = iphoneos;
				SWIFT_COMPILATION_MODE = wholemodule;
				SWIFT_OPTIMIZATION_LEVEL = "-O";
				VALIDATE_PRODUCT = YES;
			};
			name = Release;
		};
		44A878012A9A880500241ED3 /* Debug */ = {
			isa = XCBuildConfiguration;
			buildSettings = {
				ASSETCATALOG_COMPILER_APPICON_NAME = AppIcon;
				ASSETCATALOG_COMPILER_GLOBAL_ACCENT_COLOR_NAME = AccentColor;
				CODE_SIGN_STYLE = Automatic;
				CURRENT_PROJECT_VERSION = 1;
				DEVELOPMENT_TEAM = 7ULD8P3K3C;
				GENERATE_INFOPLIST_FILE = YES;
				INFOPLIST_FILE = CHALLENGE_2_Best_Recipes/App/Info.plist;
				INFOPLIST_KEY_CFBundleDisplayName = "CookBook 8.0";
				INFOPLIST_KEY_UIApplicationSupportsIndirectInputEvents = YES;
				INFOPLIST_KEY_UILaunchStoryboardName = LaunchScreen;
				INFOPLIST_KEY_UISupportedInterfaceOrientations = UIInterfaceOrientationPortrait;
				INFOPLIST_KEY_UISupportedInterfaceOrientations_iPad = "UIInterfaceOrientationLandscapeLeft UIInterfaceOrientationLandscapeRight UIInterfaceOrientationPortrait UIInterfaceOrientationPortraitUpsideDown";
				IPHONEOS_DEPLOYMENT_TARGET = 15.0;
				LD_RUNPATH_SEARCH_PATHS = (
					"$(inherited)",
					"@executable_path/Frameworks",
				);
				MARKETING_VERSION = 1.0;
				PRODUCT_BUNDLE_IDENTIFIER = "com.Danila-CHALLENGE-2-Best-Recipes.CHALLENGE-2-Best-Recipes";
				PRODUCT_NAME = "$(TARGET_NAME)";
				SUPPORTED_PLATFORMS = "iphoneos iphonesimulator";
				SUPPORTS_MACCATALYST = NO;
				SUPPORTS_MAC_DESIGNED_FOR_IPHONE_IPAD = NO;
				SWIFT_EMIT_LOC_STRINGS = YES;
				SWIFT_VERSION = 5.0;
				TARGETED_DEVICE_FAMILY = 1;
			};
			name = Debug;
		};
		44A878022A9A880500241ED3 /* Release */ = {
			isa = XCBuildConfiguration;
			buildSettings = {
				ASSETCATALOG_COMPILER_APPICON_NAME = AppIcon;
				ASSETCATALOG_COMPILER_GLOBAL_ACCENT_COLOR_NAME = AccentColor;
				CODE_SIGN_STYLE = Automatic;
				CURRENT_PROJECT_VERSION = 1;
				DEVELOPMENT_TEAM = 7ULD8P3K3C;
				GENERATE_INFOPLIST_FILE = YES;
				INFOPLIST_FILE = CHALLENGE_2_Best_Recipes/App/Info.plist;
				INFOPLIST_KEY_CFBundleDisplayName = "CookBook 8.0";
				INFOPLIST_KEY_UIApplicationSupportsIndirectInputEvents = YES;
				INFOPLIST_KEY_UILaunchStoryboardName = LaunchScreen;
				INFOPLIST_KEY_UISupportedInterfaceOrientations = UIInterfaceOrientationPortrait;
				INFOPLIST_KEY_UISupportedInterfaceOrientations_iPad = "UIInterfaceOrientationLandscapeLeft UIInterfaceOrientationLandscapeRight UIInterfaceOrientationPortrait UIInterfaceOrientationPortraitUpsideDown";
				IPHONEOS_DEPLOYMENT_TARGET = 15.0;
				LD_RUNPATH_SEARCH_PATHS = (
					"$(inherited)",
					"@executable_path/Frameworks",
				);
				MARKETING_VERSION = 1.0;
				PRODUCT_BUNDLE_IDENTIFIER = "com.Danila-CHALLENGE-2-Best-Recipes.CHALLENGE-2-Best-Recipes";
				PRODUCT_NAME = "$(TARGET_NAME)";
				SUPPORTED_PLATFORMS = "iphoneos iphonesimulator";
				SUPPORTS_MACCATALYST = NO;
				SUPPORTS_MAC_DESIGNED_FOR_IPHONE_IPAD = NO;
				SWIFT_EMIT_LOC_STRINGS = YES;
				SWIFT_VERSION = 5.0;
				TARGETED_DEVICE_FAMILY = 1;
			};
			name = Release;
		};
/* End XCBuildConfiguration section */

/* Begin XCConfigurationList section */
		44A877E72A9A880300241ED3 /* Build configuration list for PBXProject "CHALLENGE_2_Best_Recipes" */ = {
			isa = XCConfigurationList;
			buildConfigurations = (
				44A877FE2A9A880500241ED3 /* Debug */,
				44A877FF2A9A880500241ED3 /* Release */,
			);
			defaultConfigurationIsVisible = 0;
			defaultConfigurationName = Release;
		};
		44A878002A9A880500241ED3 /* Build configuration list for PBXNativeTarget "CHALLENGE_2_Best_Recipes" */ = {
			isa = XCConfigurationList;
			buildConfigurations = (
				44A878012A9A880500241ED3 /* Debug */,
				44A878022A9A880500241ED3 /* Release */,
			);
			defaultConfigurationIsVisible = 0;
			defaultConfigurationName = Release;
		};
/* End XCConfigurationList section */

/* Begin XCRemoteSwiftPackageReference section */
		16D3CF3A2AA9E045004563DA /* XCRemoteSwiftPackageReference "SDWebImage" */ = {
			isa = XCRemoteSwiftPackageReference;
			repositoryURL = "https://github.com/SDWebImage/SDWebImage.git";
			requirement = {
				kind = upToNextMinorVersion;
				minimumVersion = 5.18.0;
			};
		};
		44CD41EE2AB056FD00E8EF4A /* XCRemoteSwiftPackageReference "Kingfisher" */ = {
			isa = XCRemoteSwiftPackageReference;
			repositoryURL = "https://github.com/onevcat/Kingfisher.git";
			requirement = {
				kind = upToNextMajorVersion;
				minimumVersion = 7.0.0;
			};
		};
		44CFC72E2AA33A720065717C /* XCRemoteSwiftPackageReference "SnapKit" */ = {
			isa = XCRemoteSwiftPackageReference;
			repositoryURL = "https://github.com/SnapKit/SnapKit.git";
			requirement = {
				kind = upToNextMajorVersion;
				minimumVersion = 5.0.0;
			};
		};
/* End XCRemoteSwiftPackageReference section */

/* Begin XCSwiftPackageProductDependency section */
		16D3CF3B2AA9E045004563DA /* SDWebImage */ = {
			isa = XCSwiftPackageProductDependency;
			package = 16D3CF3A2AA9E045004563DA /* XCRemoteSwiftPackageReference "SDWebImage" */;
			productName = SDWebImage;
		};
		44CD41EF2AB056FD00E8EF4A /* Kingfisher */ = {
			isa = XCSwiftPackageProductDependency;
			package = 44CD41EE2AB056FD00E8EF4A /* XCRemoteSwiftPackageReference "Kingfisher" */;
			productName = Kingfisher;
		};
		44CFC72F2AA33A720065717C /* SnapKit */ = {
			isa = XCSwiftPackageProductDependency;
			package = 44CFC72E2AA33A720065717C /* XCRemoteSwiftPackageReference "SnapKit" */;
			productName = SnapKit;
		};
/* End XCSwiftPackageProductDependency section */
	};
	rootObject = 44A877E42A9A880300241ED3 /* Project object */;
}
