// !$*UTF8*$!
{
	archiveVersion = 1;
	classes = {
	};
	objectVersion = 56;
	objects = {

/* Begin PBXBuildFile section */
		16FA368D2A9C6DC400C9917C /* SeeAllViewController.swift in Sources */ = {isa = PBXBuildFile; fileRef = 16FA368C2A9C6DC400C9917C /* SeeAllViewController.swift */; };
		16FA36922A9C739F00C9917C /* SeeAllTrendingCell.swift in Sources */ = {isa = PBXBuildFile; fileRef = 16FA36912A9C739F00C9917C /* SeeAllTrendingCell.swift */; };
		16FA36942A9C935A00C9917C /* UIFont + Extension.swift in Sources */ = {isa = PBXBuildFile; fileRef = 16FA36932A9C935A00C9917C /* UIFont + Extension.swift */; };
		37DFC3B72A9BA5E000C4951B /* MainViewController.swift in Sources */ = {isa = PBXBuildFile; fileRef = 37DFC3B62A9BA5E000C4951B /* MainViewController.swift */; };
		37DFC3BE2A9BA6CB00C4951B /* ProfileViewController.swift in Sources */ = {isa = PBXBuildFile; fileRef = 37DFC3BD2A9BA6CB00C4951B /* ProfileViewController.swift */; };
		37DFC3C02A9BA6D700C4951B /* BellViewController.swift in Sources */ = {isa = PBXBuildFile; fileRef = 37DFC3BF2A9BA6D700C4951B /* BellViewController.swift */; };
		37DFC3C22A9BA6F100C4951B /* FavoriteViewController.swift in Sources */ = {isa = PBXBuildFile; fileRef = 37DFC3C12A9BA6F100C4951B /* FavoriteViewController.swift */; };
		37DFC3C42A9BA6FD00C4951B /* HomeViewController.swift in Sources */ = {isa = PBXBuildFile; fileRef = 37DFC3C32A9BA6FD00C4951B /* HomeViewController.swift */; };
		37DFC3C62A9BAED100C4951B /* UIViewController+Utils.swift in Sources */ = {isa = PBXBuildFile; fileRef = 37DFC3C52A9BAED100C4951B /* UIViewController+Utils.swift */; };
		37DFC3DA2A9BB13100C4951B /* Poppins-ExtraBold.ttf in Resources */ = {isa = PBXBuildFile; fileRef = 37DFC3C82A9BB13000C4951B /* Poppins-ExtraBold.ttf */; };
		37DFC3DB2A9BB13100C4951B /* Poppins-Italic.ttf in Resources */ = {isa = PBXBuildFile; fileRef = 37DFC3C92A9BB13100C4951B /* Poppins-Italic.ttf */; };
		37DFC3DC2A9BB13100C4951B /* Poppins-SemiBold.ttf in Resources */ = {isa = PBXBuildFile; fileRef = 37DFC3CA2A9BB13100C4951B /* Poppins-SemiBold.ttf */; };
		37DFC3DD2A9BB13100C4951B /* Poppins-Light.ttf in Resources */ = {isa = PBXBuildFile; fileRef = 37DFC3CB2A9BB13100C4951B /* Poppins-Light.ttf */; };
		37DFC3DE2A9BB13100C4951B /* Poppins-ExtraBoldItalic.ttf in Resources */ = {isa = PBXBuildFile; fileRef = 37DFC3CC2A9BB13100C4951B /* Poppins-ExtraBoldItalic.ttf */; };
		37DFC3DF2A9BB13100C4951B /* Poppins-Bold.ttf in Resources */ = {isa = PBXBuildFile; fileRef = 37DFC3CD2A9BB13100C4951B /* Poppins-Bold.ttf */; };
		37DFC3E02A9BB13100C4951B /* Poppins-Thin.ttf in Resources */ = {isa = PBXBuildFile; fileRef = 37DFC3CE2A9BB13100C4951B /* Poppins-Thin.ttf */; };
		37DFC3E12A9BB13100C4951B /* Poppins-Regular.ttf in Resources */ = {isa = PBXBuildFile; fileRef = 37DFC3CF2A9BB13100C4951B /* Poppins-Regular.ttf */; };
		37DFC3E22A9BB13100C4951B /* Poppins-BoldItalic.ttf in Resources */ = {isa = PBXBuildFile; fileRef = 37DFC3D02A9BB13100C4951B /* Poppins-BoldItalic.ttf */; };
		37DFC3E32A9BB13100C4951B /* Poppins-SemiBoldItalic.ttf in Resources */ = {isa = PBXBuildFile; fileRef = 37DFC3D12A9BB13100C4951B /* Poppins-SemiBoldItalic.ttf */; };
		37DFC3E42A9BB13100C4951B /* Poppins-ThinItalic.ttf in Resources */ = {isa = PBXBuildFile; fileRef = 37DFC3D22A9BB13100C4951B /* Poppins-ThinItalic.ttf */; };
		37DFC3E52A9BB13100C4951B /* Poppins-MediumItalic.ttf in Resources */ = {isa = PBXBuildFile; fileRef = 37DFC3D32A9BB13100C4951B /* Poppins-MediumItalic.ttf */; };
		37DFC3E62A9BB13100C4951B /* Poppins-Black.ttf in Resources */ = {isa = PBXBuildFile; fileRef = 37DFC3D42A9BB13100C4951B /* Poppins-Black.ttf */; };
		37DFC3E72A9BB13100C4951B /* Poppins-Medium.ttf in Resources */ = {isa = PBXBuildFile; fileRef = 37DFC3D52A9BB13100C4951B /* Poppins-Medium.ttf */; };
		37DFC3E82A9BB13100C4951B /* Poppins-LightItalic.ttf in Resources */ = {isa = PBXBuildFile; fileRef = 37DFC3D62A9BB13100C4951B /* Poppins-LightItalic.ttf */; };
		37DFC3E92A9BB13100C4951B /* Poppins-BlackItalic.ttf in Resources */ = {isa = PBXBuildFile; fileRef = 37DFC3D72A9BB13100C4951B /* Poppins-BlackItalic.ttf */; };
		37DFC3EA2A9BB13100C4951B /* Poppins-ExtraLightItalic.ttf in Resources */ = {isa = PBXBuildFile; fileRef = 37DFC3D82A9BB13100C4951B /* Poppins-ExtraLightItalic.ttf */; };
		37DFC3EB2A9BB13100C4951B /* Poppins-ExtraLight.ttf in Resources */ = {isa = PBXBuildFile; fileRef = 37DFC3D92A9BB13100C4951B /* Poppins-ExtraLight.ttf */; };
		444456E12A9AA042003BA976 /* Theme.swift in Sources */ = {isa = PBXBuildFile; fileRef = 444456E02A9AA042003BA976 /* Theme.swift */; };
		44A877F02A9A880300241ED3 /* AppDelegate.swift in Sources */ = {isa = PBXBuildFile; fileRef = 44A877EF2A9A880300241ED3 /* AppDelegate.swift */; };
		44A877F22A9A880300241ED3 /* SceneDelegate.swift in Sources */ = {isa = PBXBuildFile; fileRef = 44A877F12A9A880300241ED3 /* SceneDelegate.swift */; };
		44A877F42A9A880300241ED3 /* OnboardingFirstViewController.swift in Sources */ = {isa = PBXBuildFile; fileRef = 44A877F32A9A880300241ED3 /* OnboardingFirstViewController.swift */; };
		44A877F92A9A880500241ED3 /* Assets.xcassets in Resources */ = {isa = PBXBuildFile; fileRef = 44A877F82A9A880500241ED3 /* Assets.xcassets */; };
		44A877FC2A9A880500241ED3 /* LaunchScreen.storyboard in Resources */ = {isa = PBXBuildFile; fileRef = 44A877FA2A9A880500241ED3 /* LaunchScreen.storyboard */; };
		44E53FC52A9A8DEE00B6BBBE /* SnapKit in Frameworks */ = {isa = PBXBuildFile; productRef = 44E53FC42A9A8DEE00B6BBBE /* SnapKit */; };
		44E53FCA2A9A91CC00B6BBBE /* UIColor+Extension.swift in Sources */ = {isa = PBXBuildFile; fileRef = 44E53FC92A9A91CC00B6BBBE /* UIColor+Extension.swift */; };
/* End PBXBuildFile section */

/* Begin PBXFileReference section */
		16FA368C2A9C6DC400C9917C /* SeeAllViewController.swift */ = {isa = PBXFileReference; lastKnownFileType = sourcecode.swift; path = SeeAllViewController.swift; sourceTree = "<group>"; };
		16FA36912A9C739F00C9917C /* SeeAllTrendingCell.swift */ = {isa = PBXFileReference; lastKnownFileType = sourcecode.swift; path = SeeAllTrendingCell.swift; sourceTree = "<group>"; };
		16FA36932A9C935A00C9917C /* UIFont + Extension.swift */ = {isa = PBXFileReference; lastKnownFileType = sourcecode.swift; path = "UIFont + Extension.swift"; sourceTree = "<group>"; };
		37DFC3B62A9BA5E000C4951B /* MainViewController.swift */ = {isa = PBXFileReference; fileEncoding = 4; lastKnownFileType = sourcecode.swift; path = MainViewController.swift; sourceTree = "<group>"; };
		37DFC3BD2A9BA6CB00C4951B /* ProfileViewController.swift */ = {isa = PBXFileReference; lastKnownFileType = sourcecode.swift; path = ProfileViewController.swift; sourceTree = "<group>"; };
		37DFC3BF2A9BA6D700C4951B /* BellViewController.swift */ = {isa = PBXFileReference; lastKnownFileType = sourcecode.swift; path = BellViewController.swift; sourceTree = "<group>"; };
		37DFC3C12A9BA6F100C4951B /* FavoriteViewController.swift */ = {isa = PBXFileReference; lastKnownFileType = sourcecode.swift; path = FavoriteViewController.swift; sourceTree = "<group>"; };
		37DFC3C32A9BA6FD00C4951B /* HomeViewController.swift */ = {isa = PBXFileReference; lastKnownFileType = sourcecode.swift; path = HomeViewController.swift; sourceTree = "<group>"; };
		37DFC3C52A9BAED100C4951B /* UIViewController+Utils.swift */ = {isa = PBXFileReference; lastKnownFileType = sourcecode.swift; path = "UIViewController+Utils.swift"; sourceTree = "<group>"; };
		37DFC3C82A9BB13000C4951B /* Poppins-ExtraBold.ttf */ = {isa = PBXFileReference; lastKnownFileType = file; path = "Poppins-ExtraBold.ttf"; sourceTree = "<group>"; };
		37DFC3C92A9BB13100C4951B /* Poppins-Italic.ttf */ = {isa = PBXFileReference; lastKnownFileType = file; path = "Poppins-Italic.ttf"; sourceTree = "<group>"; };
		37DFC3CA2A9BB13100C4951B /* Poppins-SemiBold.ttf */ = {isa = PBXFileReference; lastKnownFileType = file; path = "Poppins-SemiBold.ttf"; sourceTree = "<group>"; };
		37DFC3CB2A9BB13100C4951B /* Poppins-Light.ttf */ = {isa = PBXFileReference; lastKnownFileType = file; path = "Poppins-Light.ttf"; sourceTree = "<group>"; };
		37DFC3CC2A9BB13100C4951B /* Poppins-ExtraBoldItalic.ttf */ = {isa = PBXFileReference; lastKnownFileType = file; path = "Poppins-ExtraBoldItalic.ttf"; sourceTree = "<group>"; };
		37DFC3CD2A9BB13100C4951B /* Poppins-Bold.ttf */ = {isa = PBXFileReference; lastKnownFileType = file; path = "Poppins-Bold.ttf"; sourceTree = "<group>"; };
		37DFC3CE2A9BB13100C4951B /* Poppins-Thin.ttf */ = {isa = PBXFileReference; lastKnownFileType = file; path = "Poppins-Thin.ttf"; sourceTree = "<group>"; };
		37DFC3CF2A9BB13100C4951B /* Poppins-Regular.ttf */ = {isa = PBXFileReference; lastKnownFileType = file; path = "Poppins-Regular.ttf"; sourceTree = "<group>"; };
		37DFC3D02A9BB13100C4951B /* Poppins-BoldItalic.ttf */ = {isa = PBXFileReference; lastKnownFileType = file; path = "Poppins-BoldItalic.ttf"; sourceTree = "<group>"; };
		37DFC3D12A9BB13100C4951B /* Poppins-SemiBoldItalic.ttf */ = {isa = PBXFileReference; lastKnownFileType = file; path = "Poppins-SemiBoldItalic.ttf"; sourceTree = "<group>"; };
		37DFC3D22A9BB13100C4951B /* Poppins-ThinItalic.ttf */ = {isa = PBXFileReference; lastKnownFileType = file; path = "Poppins-ThinItalic.ttf"; sourceTree = "<group>"; };
		37DFC3D32A9BB13100C4951B /* Poppins-MediumItalic.ttf */ = {isa = PBXFileReference; lastKnownFileType = file; path = "Poppins-MediumItalic.ttf"; sourceTree = "<group>"; };
		37DFC3D42A9BB13100C4951B /* Poppins-Black.ttf */ = {isa = PBXFileReference; lastKnownFileType = file; path = "Poppins-Black.ttf"; sourceTree = "<group>"; };
		37DFC3D52A9BB13100C4951B /* Poppins-Medium.ttf */ = {isa = PBXFileReference; lastKnownFileType = file; path = "Poppins-Medium.ttf"; sourceTree = "<group>"; };
		37DFC3D62A9BB13100C4951B /* Poppins-LightItalic.ttf */ = {isa = PBXFileReference; lastKnownFileType = file; path = "Poppins-LightItalic.ttf"; sourceTree = "<group>"; };
		37DFC3D72A9BB13100C4951B /* Poppins-BlackItalic.ttf */ = {isa = PBXFileReference; lastKnownFileType = file; path = "Poppins-BlackItalic.ttf"; sourceTree = "<group>"; };
		37DFC3D82A9BB13100C4951B /* Poppins-ExtraLightItalic.ttf */ = {isa = PBXFileReference; lastKnownFileType = file; path = "Poppins-ExtraLightItalic.ttf"; sourceTree = "<group>"; };
		37DFC3D92A9BB13100C4951B /* Poppins-ExtraLight.ttf */ = {isa = PBXFileReference; lastKnownFileType = file; path = "Poppins-ExtraLight.ttf"; sourceTree = "<group>"; };
		444456E02A9AA042003BA976 /* Theme.swift */ = {isa = PBXFileReference; lastKnownFileType = sourcecode.swift; path = Theme.swift; sourceTree = "<group>"; };
		44A877EC2A9A880300241ED3 /* CHALLENGE_2_Best_Recipes.app */ = {isa = PBXFileReference; explicitFileType = wrapper.application; includeInIndex = 0; path = CHALLENGE_2_Best_Recipes.app; sourceTree = BUILT_PRODUCTS_DIR; };
		44A877EF2A9A880300241ED3 /* AppDelegate.swift */ = {isa = PBXFileReference; lastKnownFileType = sourcecode.swift; path = AppDelegate.swift; sourceTree = "<group>"; };
		44A877F12A9A880300241ED3 /* SceneDelegate.swift */ = {isa = PBXFileReference; lastKnownFileType = sourcecode.swift; path = SceneDelegate.swift; sourceTree = "<group>"; };
		44A877F32A9A880300241ED3 /* OnboardingFirstViewController.swift */ = {isa = PBXFileReference; lastKnownFileType = sourcecode.swift; path = OnboardingFirstViewController.swift; sourceTree = "<group>"; };
		44A877F82A9A880500241ED3 /* Assets.xcassets */ = {isa = PBXFileReference; lastKnownFileType = folder.assetcatalog; path = Assets.xcassets; sourceTree = "<group>"; };
		44A877FB2A9A880500241ED3 /* Base */ = {isa = PBXFileReference; lastKnownFileType = file.storyboard; name = Base; path = Base.lproj/LaunchScreen.storyboard; sourceTree = "<group>"; };
		44A877FD2A9A880500241ED3 /* Info.plist */ = {isa = PBXFileReference; lastKnownFileType = text.plist.xml; path = Info.plist; sourceTree = "<group>"; };
		44E53FC92A9A91CC00B6BBBE /* UIColor+Extension.swift */ = {isa = PBXFileReference; lastKnownFileType = sourcecode.swift; path = "UIColor+Extension.swift"; sourceTree = "<group>"; };
/* End PBXFileReference section */

/* Begin PBXFrameworksBuildPhase section */
		44A877E92A9A880300241ED3 /* Frameworks */ = {
			isa = PBXFrameworksBuildPhase;
			buildActionMask = 2147483647;
			files = (
				44E53FC52A9A8DEE00B6BBBE /* SnapKit in Frameworks */,
			);
			runOnlyForDeploymentPostprocessing = 0;
		};
/* End PBXFrameworksBuildPhase section */

/* Begin PBXGroup section */
		16FA368B2A9C6DA100C9917C /* SeeAllScreen */ = {
			isa = PBXGroup;
			children = (
				16FA368F2A9C735200C9917C /* Model */,
				16FA368E2A9C734500C9917C /* View */,
				16FA36902A9C735800C9917C /* Controller */,
			);
			path = SeeAllScreen;
			sourceTree = "<group>";
		};
		16FA368E2A9C734500C9917C /* View */ = {
			isa = PBXGroup;
			children = (
				16FA36912A9C739F00C9917C /* SeeAllTrendingCell.swift */,
			);
			path = View;
			sourceTree = "<group>";
		};
		16FA368F2A9C735200C9917C /* Model */ = {
			isa = PBXGroup;
			children = (
			);
			path = Model;
			sourceTree = "<group>";
		};
		16FA36902A9C735800C9917C /* Controller */ = {
			isa = PBXGroup;
			children = (
				16FA368C2A9C6DC400C9917C /* SeeAllViewController.swift */,
			);
			path = Controller;
			sourceTree = "<group>";
		};
		37DFC3AD2A9BA22C00C4951B /* App */ = {
			isa = PBXGroup;
			children = (
				44A877EF2A9A880300241ED3 /* AppDelegate.swift */,
				44A877F12A9A880300241ED3 /* SceneDelegate.swift */,
				44A877FD2A9A880500241ED3 /* Info.plist */,
			);
			path = App;
			sourceTree = "<group>";
		};
		37DFC3AE2A9BA2DE00C4951B /* OnboardingScreen */ = {
			isa = PBXGroup;
			children = (
				44A877F32A9A880300241ED3 /* OnboardingFirstViewController.swift */,
			);
			path = OnboardingScreen;
			sourceTree = "<group>";
		};
		37DFC3B52A9BA5E000C4951B /* MainViewController */ = {
			isa = PBXGroup;
			children = (
				37DFC3B62A9BA5E000C4951B /* MainViewController.swift */,
			);
			path = MainViewController;
			sourceTree = "<group>";
		};
		37DFC3B82A9BA62E00C4951B /* Model */ = {
			isa = PBXGroup;
			children = (
			);
			path = Model;
			sourceTree = "<group>";
		};
		37DFC3B92A9BA64800C4951B /* HomeScreen */ = {
			isa = PBXGroup;
			children = (
				37DFC3C32A9BA6FD00C4951B /* HomeViewController.swift */,
			);
			path = HomeScreen;
			sourceTree = "<group>";
		};
		37DFC3BA2A9BA65400C4951B /* FavoriteScreen */ = {
			isa = PBXGroup;
			children = (
				37DFC3C12A9BA6F100C4951B /* FavoriteViewController.swift */,
			);
			path = FavoriteScreen;
			sourceTree = "<group>";
		};
		37DFC3BB2A9BA66700C4951B /* BellScreen */ = {
			isa = PBXGroup;
			children = (
				37DFC3BF2A9BA6D700C4951B /* BellViewController.swift */,
			);
			path = BellScreen;
			sourceTree = "<group>";
		};
		37DFC3BC2A9BA6AA00C4951B /* ProfileScreen */ = {
			isa = PBXGroup;
			children = (
				37DFC3BD2A9BA6CB00C4951B /* ProfileViewController.swift */,
			);
			path = ProfileScreen;
			sourceTree = "<group>";
		};
		37DFC3C72A9BB11800C4951B /* Fonts */ = {
			isa = PBXGroup;
			children = (
				37DFC3D42A9BB13100C4951B /* Poppins-Black.ttf */,
				37DFC3D72A9BB13100C4951B /* Poppins-BlackItalic.ttf */,
				37DFC3CD2A9BB13100C4951B /* Poppins-Bold.ttf */,
				37DFC3D02A9BB13100C4951B /* Poppins-BoldItalic.ttf */,
				37DFC3C82A9BB13000C4951B /* Poppins-ExtraBold.ttf */,
				37DFC3CC2A9BB13100C4951B /* Poppins-ExtraBoldItalic.ttf */,
				37DFC3D92A9BB13100C4951B /* Poppins-ExtraLight.ttf */,
				37DFC3D82A9BB13100C4951B /* Poppins-ExtraLightItalic.ttf */,
				37DFC3C92A9BB13100C4951B /* Poppins-Italic.ttf */,
				37DFC3CB2A9BB13100C4951B /* Poppins-Light.ttf */,
				37DFC3D62A9BB13100C4951B /* Poppins-LightItalic.ttf */,
				37DFC3D52A9BB13100C4951B /* Poppins-Medium.ttf */,
				37DFC3D32A9BB13100C4951B /* Poppins-MediumItalic.ttf */,
				37DFC3CF2A9BB13100C4951B /* Poppins-Regular.ttf */,
				37DFC3CA2A9BB13100C4951B /* Poppins-SemiBold.ttf */,
				37DFC3D12A9BB13100C4951B /* Poppins-SemiBoldItalic.ttf */,
				37DFC3CE2A9BB13100C4951B /* Poppins-Thin.ttf */,
				37DFC3D22A9BB13100C4951B /* Poppins-ThinItalic.ttf */,
			);
			path = Fonts;
			sourceTree = "<group>";
		};
		44A877E32A9A880300241ED3 = {
			isa = PBXGroup;
			children = (
				44A877EE2A9A880300241ED3 /* CHALLENGE_2_Best_Recipes */,
				44A877ED2A9A880300241ED3 /* Products */,
			);
			sourceTree = "<group>";
		};
		44A877ED2A9A880300241ED3 /* Products */ = {
			isa = PBXGroup;
			children = (
				44A877EC2A9A880300241ED3 /* CHALLENGE_2_Best_Recipes.app */,
			);
			name = Products;
			sourceTree = "<group>";
		};
		44A877EE2A9A880300241ED3 /* CHALLENGE_2_Best_Recipes */ = {
			isa = PBXGroup;
			children = (
				37DFC3AD2A9BA22C00C4951B /* App */,
				37DFC3B82A9BA62E00C4951B /* Model */,
				44A878042A9A88F800241ED3 /* Modules */,
				44E53FC82A9A91BC00B6BBBE /* Extension */,
				44A878032A9A88D400241ED3 /* Resources */,
			);
			path = CHALLENGE_2_Best_Recipes;
			sourceTree = "<group>";
		};
		44A878032A9A88D400241ED3 /* Resources */ = {
			isa = PBXGroup;
			children = (
				37DFC3C72A9BB11800C4951B /* Fonts */,
				44A877F82A9A880500241ED3 /* Assets.xcassets */,
			);
			path = Resources;
			sourceTree = "<group>";
		};
		44A878042A9A88F800241ED3 /* Modules */ = {
			isa = PBXGroup;
			children = (
				16FA368B2A9C6DA100C9917C /* SeeAllScreen */,
				37DFC3BC2A9BA6AA00C4951B /* ProfileScreen */,
				37DFC3BB2A9BA66700C4951B /* BellScreen */,
				37DFC3BA2A9BA65400C4951B /* FavoriteScreen */,
				37DFC3B92A9BA64800C4951B /* HomeScreen */,
				37DFC3B52A9BA5E000C4951B /* MainViewController */,
				44A878072A9A894000241ED3 /* Launchscreen */,
				37DFC3AE2A9BA2DE00C4951B /* OnboardingScreen */,
			);
			path = Modules;
			sourceTree = "<group>";
		};
		44A878072A9A894000241ED3 /* Launchscreen */ = {
			isa = PBXGroup;
			children = (
				44A877FA2A9A880500241ED3 /* LaunchScreen.storyboard */,
			);
			path = Launchscreen;
			sourceTree = "<group>";
		};
		44E53FC82A9A91BC00B6BBBE /* Extension */ = {
			isa = PBXGroup;
			children = (
				444456E02A9AA042003BA976 /* Theme.swift */,
				44E53FC92A9A91CC00B6BBBE /* UIColor+Extension.swift */,
				37DFC3C52A9BAED100C4951B /* UIViewController+Utils.swift */,
				16FA36932A9C935A00C9917C /* UIFont + Extension.swift */,
			);
			path = Extension;
			sourceTree = "<group>";
		};
/* End PBXGroup section */

/* Begin PBXNativeTarget section */
		44A877EB2A9A880300241ED3 /* CHALLENGE_2_Best_Recipes */ = {
			isa = PBXNativeTarget;
			buildConfigurationList = 44A878002A9A880500241ED3 /* Build configuration list for PBXNativeTarget "CHALLENGE_2_Best_Recipes" */;
			buildPhases = (
				44A877E82A9A880300241ED3 /* Sources */,
				44A877E92A9A880300241ED3 /* Frameworks */,
				44A877EA2A9A880300241ED3 /* Resources */,
			);
			buildRules = (
			);
			dependencies = (
			);
			name = CHALLENGE_2_Best_Recipes;
			packageProductDependencies = (
				44E53FC42A9A8DEE00B6BBBE /* SnapKit */,
			);
			productName = CHALLENGE_2_Best_Recipes;
			productReference = 44A877EC2A9A880300241ED3 /* CHALLENGE_2_Best_Recipes.app */;
			productType = "com.apple.product-type.application";
		};
/* End PBXNativeTarget section */

/* Begin PBXProject section */
		44A877E42A9A880300241ED3 /* Project object */ = {
			isa = PBXProject;
			attributes = {
				BuildIndependentTargetsInParallel = 1;
				LastSwiftUpdateCheck = 1430;
				LastUpgradeCheck = 1430;
				TargetAttributes = {
					44A877EB2A9A880300241ED3 = {
						CreatedOnToolsVersion = 14.3.1;
					};
				};
			};
			buildConfigurationList = 44A877E72A9A880300241ED3 /* Build configuration list for PBXProject "CHALLENGE_2_Best_Recipes" */;
			compatibilityVersion = "Xcode 14.0";
			developmentRegion = en;
			hasScannedForEncodings = 0;
			knownRegions = (
				en,
				Base,
			);
			mainGroup = 44A877E32A9A880300241ED3;
			packageReferences = (
				44E53FC32A9A8DEE00B6BBBE /* XCRemoteSwiftPackageReference "SnapKit" */,
			);
			productRefGroup = 44A877ED2A9A880300241ED3 /* Products */;
			projectDirPath = "";
			projectRoot = "";
			targets = (
				44A877EB2A9A880300241ED3 /* CHALLENGE_2_Best_Recipes */,
			);
		};
/* End PBXProject section */

/* Begin PBXResourcesBuildPhase section */
		44A877EA2A9A880300241ED3 /* Resources */ = {
			isa = PBXResourcesBuildPhase;
			buildActionMask = 2147483647;
			files = (
				37DFC3EB2A9BB13100C4951B /* Poppins-ExtraLight.ttf in Resources */,
				37DFC3E82A9BB13100C4951B /* Poppins-LightItalic.ttf in Resources */,
				37DFC3DC2A9BB13100C4951B /* Poppins-SemiBold.ttf in Resources */,
				37DFC3EA2A9BB13100C4951B /* Poppins-ExtraLightItalic.ttf in Resources */,
				37DFC3DD2A9BB13100C4951B /* Poppins-Light.ttf in Resources */,
				44A877FC2A9A880500241ED3 /* LaunchScreen.storyboard in Resources */,
				37DFC3E02A9BB13100C4951B /* Poppins-Thin.ttf in Resources */,
				37DFC3DF2A9BB13100C4951B /* Poppins-Bold.ttf in Resources */,
				37DFC3E72A9BB13100C4951B /* Poppins-Medium.ttf in Resources */,
				37DFC3E52A9BB13100C4951B /* Poppins-MediumItalic.ttf in Resources */,
				37DFC3E32A9BB13100C4951B /* Poppins-SemiBoldItalic.ttf in Resources */,
				37DFC3DE2A9BB13100C4951B /* Poppins-ExtraBoldItalic.ttf in Resources */,
				37DFC3DA2A9BB13100C4951B /* Poppins-ExtraBold.ttf in Resources */,
				37DFC3E62A9BB13100C4951B /* Poppins-Black.ttf in Resources */,
				37DFC3DB2A9BB13100C4951B /* Poppins-Italic.ttf in Resources */,
				37DFC3E22A9BB13100C4951B /* Poppins-BoldItalic.ttf in Resources */,
				37DFC3E42A9BB13100C4951B /* Poppins-ThinItalic.ttf in Resources */,
				44A877F92A9A880500241ED3 /* Assets.xcassets in Resources */,
				37DFC3E92A9BB13100C4951B /* Poppins-BlackItalic.ttf in Resources */,
				37DFC3E12A9BB13100C4951B /* Poppins-Regular.ttf in Resources */,
			);
			runOnlyForDeploymentPostprocessing = 0;
		};
/* End PBXResourcesBuildPhase section */

/* Begin PBXSourcesBuildPhase section */
		44A877E82A9A880300241ED3 /* Sources */ = {
			isa = PBXSourcesBuildPhase;
			buildActionMask = 2147483647;
			files = (
				37DFC3B72A9BA5E000C4951B /* MainViewController.swift in Sources */,
				37DFC3C02A9BA6D700C4951B /* BellViewController.swift in Sources */,
				44A877F42A9A880300241ED3 /* OnboardingFirstViewController.swift in Sources */,
				37DFC3C22A9BA6F100C4951B /* FavoriteViewController.swift in Sources */,
				44A877F02A9A880300241ED3 /* AppDelegate.swift in Sources */,
				44A877F22A9A880300241ED3 /* SceneDelegate.swift in Sources */,
				16FA368D2A9C6DC400C9917C /* SeeAllViewController.swift in Sources */,
				37DFC3C62A9BAED100C4951B /* UIViewController+Utils.swift in Sources */,
				37DFC3C42A9BA6FD00C4951B /* HomeViewController.swift in Sources */,
				444456E12A9AA042003BA976 /* Theme.swift in Sources */,
				37DFC3BE2A9BA6CB00C4951B /* ProfileViewController.swift in Sources */,
				16FA36922A9C739F00C9917C /* SeeAllTrendingCell.swift in Sources */,
				16FA36942A9C935A00C9917C /* UIFont + Extension.swift in Sources */,
				44E53FCA2A9A91CC00B6BBBE /* UIColor+Extension.swift in Sources */,
			);
			runOnlyForDeploymentPostprocessing = 0;
		};
/* End PBXSourcesBuildPhase section */

/* Begin PBXVariantGroup section */
		44A877FA2A9A880500241ED3 /* LaunchScreen.storyboard */ = {
			isa = PBXVariantGroup;
			children = (
				44A877FB2A9A880500241ED3 /* Base */,
			);
			name = LaunchScreen.storyboard;
			sourceTree = "<group>";
		};
/* End PBXVariantGroup section */

/* Begin XCBuildConfiguration section */
		44A877FE2A9A880500241ED3 /* Debug */ = {
			isa = XCBuildConfiguration;
			buildSettings = {
				ALWAYS_SEARCH_USER_PATHS = NO;
				CLANG_ANALYZER_NONNULL = YES;
				CLANG_ANALYZER_NUMBER_OBJECT_CONVERSION = YES_AGGRESSIVE;
				CLANG_CXX_LANGUAGE_STANDARD = "gnu++20";
				CLANG_ENABLE_MODULES = YES;
				CLANG_ENABLE_OBJC_ARC = YES;
				CLANG_ENABLE_OBJC_WEAK = YES;
				CLANG_WARN_BLOCK_CAPTURE_AUTORELEASING = YES;
				CLANG_WARN_BOOL_CONVERSION = YES;
				CLANG_WARN_COMMA = YES;
				CLANG_WARN_CONSTANT_CONVERSION = YES;
				CLANG_WARN_DEPRECATED_OBJC_IMPLEMENTATIONS = YES;
				CLANG_WARN_DIRECT_OBJC_ISA_USAGE = YES_ERROR;
				CLANG_WARN_DOCUMENTATION_COMMENTS = YES;
				CLANG_WARN_EMPTY_BODY = YES;
				CLANG_WARN_ENUM_CONVERSION = YES;
				CLANG_WARN_INFINITE_RECURSION = YES;
				CLANG_WARN_INT_CONVERSION = YES;
				CLANG_WARN_NON_LITERAL_NULL_CONVERSION = YES;
				CLANG_WARN_OBJC_IMPLICIT_RETAIN_SELF = YES;
				CLANG_WARN_OBJC_LITERAL_CONVERSION = YES;
				CLANG_WARN_OBJC_ROOT_CLASS = YES_ERROR;
				CLANG_WARN_QUOTED_INCLUDE_IN_FRAMEWORK_HEADER = YES;
				CLANG_WARN_RANGE_LOOP_ANALYSIS = YES;
				CLANG_WARN_STRICT_PROTOTYPES = YES;
				CLANG_WARN_SUSPICIOUS_MOVE = YES;
				CLANG_WARN_UNGUARDED_AVAILABILITY = YES_AGGRESSIVE;
				CLANG_WARN_UNREACHABLE_CODE = YES;
				CLANG_WARN__DUPLICATE_METHOD_MATCH = YES;
				COPY_PHASE_STRIP = NO;
				DEBUG_INFORMATION_FORMAT = dwarf;
				ENABLE_STRICT_OBJC_MSGSEND = YES;
				ENABLE_TESTABILITY = YES;
				GCC_C_LANGUAGE_STANDARD = gnu11;
				GCC_DYNAMIC_NO_PIC = NO;
				GCC_NO_COMMON_BLOCKS = YES;
				GCC_OPTIMIZATION_LEVEL = 0;
				GCC_PREPROCESSOR_DEFINITIONS = (
					"DEBUG=1",
					"$(inherited)",
				);
				GCC_WARN_64_TO_32_BIT_CONVERSION = YES;
				GCC_WARN_ABOUT_RETURN_TYPE = YES_ERROR;
				GCC_WARN_UNDECLARED_SELECTOR = YES;
				GCC_WARN_UNINITIALIZED_AUTOS = YES_AGGRESSIVE;
				GCC_WARN_UNUSED_FUNCTION = YES;
				GCC_WARN_UNUSED_VARIABLE = YES;
				IPHONEOS_DEPLOYMENT_TARGET = 16.4;
				MTL_ENABLE_DEBUG_INFO = INCLUDE_SOURCE;
				MTL_FAST_MATH = YES;
				ONLY_ACTIVE_ARCH = YES;
				SDKROOT = iphoneos;
				SWIFT_ACTIVE_COMPILATION_CONDITIONS = DEBUG;
				SWIFT_OPTIMIZATION_LEVEL = "-Onone";
			};
			name = Debug;
		};
		44A877FF2A9A880500241ED3 /* Release */ = {
			isa = XCBuildConfiguration;
			buildSettings = {
				ALWAYS_SEARCH_USER_PATHS = NO;
				CLANG_ANALYZER_NONNULL = YES;
				CLANG_ANALYZER_NUMBER_OBJECT_CONVERSION = YES_AGGRESSIVE;
				CLANG_CXX_LANGUAGE_STANDARD = "gnu++20";
				CLANG_ENABLE_MODULES = YES;
				CLANG_ENABLE_OBJC_ARC = YES;
				CLANG_ENABLE_OBJC_WEAK = YES;
				CLANG_WARN_BLOCK_CAPTURE_AUTORELEASING = YES;
				CLANG_WARN_BOOL_CONVERSION = YES;
				CLANG_WARN_COMMA = YES;
				CLANG_WARN_CONSTANT_CONVERSION = YES;
				CLANG_WARN_DEPRECATED_OBJC_IMPLEMENTATIONS = YES;
				CLANG_WARN_DIRECT_OBJC_ISA_USAGE = YES_ERROR;
				CLANG_WARN_DOCUMENTATION_COMMENTS = YES;
				CLANG_WARN_EMPTY_BODY = YES;
				CLANG_WARN_ENUM_CONVERSION = YES;
				CLANG_WARN_INFINITE_RECURSION = YES;
				CLANG_WARN_INT_CONVERSION = YES;
				CLANG_WARN_NON_LITERAL_NULL_CONVERSION = YES;
				CLANG_WARN_OBJC_IMPLICIT_RETAIN_SELF = YES;
				CLANG_WARN_OBJC_LITERAL_CONVERSION = YES;
				CLANG_WARN_OBJC_ROOT_CLASS = YES_ERROR;
				CLANG_WARN_QUOTED_INCLUDE_IN_FRAMEWORK_HEADER = YES;
				CLANG_WARN_RANGE_LOOP_ANALYSIS = YES;
				CLANG_WARN_STRICT_PROTOTYPES = YES;
				CLANG_WARN_SUSPICIOUS_MOVE = YES;
				CLANG_WARN_UNGUARDED_AVAILABILITY = YES_AGGRESSIVE;
				CLANG_WARN_UNREACHABLE_CODE = YES;
				CLANG_WARN__DUPLICATE_METHOD_MATCH = YES;
				COPY_PHASE_STRIP = NO;
				DEBUG_INFORMATION_FORMAT = "dwarf-with-dsym";
				ENABLE_NS_ASSERTIONS = NO;
				ENABLE_STRICT_OBJC_MSGSEND = YES;
				GCC_C_LANGUAGE_STANDARD = gnu11;
				GCC_NO_COMMON_BLOCKS = YES;
				GCC_WARN_64_TO_32_BIT_CONVERSION = YES;
				GCC_WARN_ABOUT_RETURN_TYPE = YES_ERROR;
				GCC_WARN_UNDECLARED_SELECTOR = YES;
				GCC_WARN_UNINITIALIZED_AUTOS = YES_AGGRESSIVE;
				GCC_WARN_UNUSED_FUNCTION = YES;
				GCC_WARN_UNUSED_VARIABLE = YES;
				IPHONEOS_DEPLOYMENT_TARGET = 16.4;
				MTL_ENABLE_DEBUG_INFO = NO;
				MTL_FAST_MATH = YES;
				SDKROOT = iphoneos;
				SWIFT_COMPILATION_MODE = wholemodule;
				SWIFT_OPTIMIZATION_LEVEL = "-O";
				VALIDATE_PRODUCT = YES;
			};
			name = Release;
		};
		44A878012A9A880500241ED3 /* Debug */ = {
			isa = XCBuildConfiguration;
			buildSettings = {
				ASSETCATALOG_COMPILER_APPICON_NAME = AppIcon;
				ASSETCATALOG_COMPILER_GLOBAL_ACCENT_COLOR_NAME = AccentColor;
				CODE_SIGN_STYLE = Automatic;
				CURRENT_PROJECT_VERSION = 1;
				DEVELOPMENT_TEAM = 7ULD8P3K3C;
				GENERATE_INFOPLIST_FILE = YES;
				INFOPLIST_FILE = CHALLENGE_2_Best_Recipes/App/Info.plist;
				INFOPLIST_KEY_CFBundleDisplayName = "CookBook 8.0";
				INFOPLIST_KEY_UIApplicationSupportsIndirectInputEvents = YES;
				INFOPLIST_KEY_UILaunchStoryboardName = LaunchScreen;
				INFOPLIST_KEY_UISupportedInterfaceOrientations = UIInterfaceOrientationPortrait;
				INFOPLIST_KEY_UISupportedInterfaceOrientations_iPad = "UIInterfaceOrientationLandscapeLeft UIInterfaceOrientationLandscapeRight UIInterfaceOrientationPortrait UIInterfaceOrientationPortraitUpsideDown";
				IPHONEOS_DEPLOYMENT_TARGET = 15.0;
				LD_RUNPATH_SEARCH_PATHS = (
					"$(inherited)",
					"@executable_path/Frameworks",
				);
				MARKETING_VERSION = 1.0;
				PRODUCT_BUNDLE_IDENTIFIER = "com.Danila-CHALLENGE-2-Best-Recipes.CHALLENGE-2-Best-Recipes";
				PRODUCT_NAME = "$(TARGET_NAME)";
				SUPPORTED_PLATFORMS = "iphoneos iphonesimulator";
				SUPPORTS_MACCATALYST = NO;
				SUPPORTS_MAC_DESIGNED_FOR_IPHONE_IPAD = NO;
				SWIFT_EMIT_LOC_STRINGS = YES;
				SWIFT_VERSION = 5.0;
				TARGETED_DEVICE_FAMILY = 1;
			};
			name = Debug;
		};
		44A878022A9A880500241ED3 /* Release */ = {
			isa = XCBuildConfiguration;
			buildSettings = {
				ASSETCATALOG_COMPILER_APPICON_NAME = AppIcon;
				ASSETCATALOG_COMPILER_GLOBAL_ACCENT_COLOR_NAME = AccentColor;
				CODE_SIGN_STYLE = Automatic;
				CURRENT_PROJECT_VERSION = 1;
				DEVELOPMENT_TEAM = 7ULD8P3K3C;
				GENERATE_INFOPLIST_FILE = YES;
				INFOPLIST_FILE = CHALLENGE_2_Best_Recipes/App/Info.plist;
				INFOPLIST_KEY_CFBundleDisplayName = "CookBook 8.0";
				INFOPLIST_KEY_UIApplicationSupportsIndirectInputEvents = YES;
				INFOPLIST_KEY_UILaunchStoryboardName = LaunchScreen;
				INFOPLIST_KEY_UISupportedInterfaceOrientations = UIInterfaceOrientationPortrait;
				INFOPLIST_KEY_UISupportedInterfaceOrientations_iPad = "UIInterfaceOrientationLandscapeLeft UIInterfaceOrientationLandscapeRight UIInterfaceOrientationPortrait UIInterfaceOrientationPortraitUpsideDown";
				IPHONEOS_DEPLOYMENT_TARGET = 15.0;
				LD_RUNPATH_SEARCH_PATHS = (
					"$(inherited)",
					"@executable_path/Frameworks",
				);
				MARKETING_VERSION = 1.0;
				PRODUCT_BUNDLE_IDENTIFIER = "com.Danila-CHALLENGE-2-Best-Recipes.CHALLENGE-2-Best-Recipes";
				PRODUCT_NAME = "$(TARGET_NAME)";
				SUPPORTED_PLATFORMS = "iphoneos iphonesimulator";
				SUPPORTS_MACCATALYST = NO;
				SUPPORTS_MAC_DESIGNED_FOR_IPHONE_IPAD = NO;
				SWIFT_EMIT_LOC_STRINGS = YES;
				SWIFT_VERSION = 5.0;
				TARGETED_DEVICE_FAMILY = 1;
			};
			name = Release;
		};
/* End XCBuildConfiguration section */

/* Begin XCConfigurationList section */
		44A877E72A9A880300241ED3 /* Build configuration list for PBXProject "CHALLENGE_2_Best_Recipes" */ = {
			isa = XCConfigurationList;
			buildConfigurations = (
				44A877FE2A9A880500241ED3 /* Debug */,
				44A877FF2A9A880500241ED3 /* Release */,
			);
			defaultConfigurationIsVisible = 0;
			defaultConfigurationName = Release;
		};
		44A878002A9A880500241ED3 /* Build configuration list for PBXNativeTarget "CHALLENGE_2_Best_Recipes" */ = {
			isa = XCConfigurationList;
			buildConfigurations = (
				44A878012A9A880500241ED3 /* Debug */,
				44A878022A9A880500241ED3 /* Release */,
			);
			defaultConfigurationIsVisible = 0;
			defaultConfigurationName = Release;
		};
/* End XCConfigurationList section */

/* Begin XCRemoteSwiftPackageReference section */
		44E53FC32A9A8DEE00B6BBBE /* XCRemoteSwiftPackageReference "SnapKit" */ = {
			isa = XCRemoteSwiftPackageReference;
			repositoryURL = "https://github.com/SnapKit/SnapKit.git";
			requirement = {
				kind = upToNextMajorVersion;
				minimumVersion = 5.0.0;
			};
		};
/* End XCRemoteSwiftPackageReference section */

/* Begin XCSwiftPackageProductDependency section */
		44E53FC42A9A8DEE00B6BBBE /* SnapKit */ = {
			isa = XCSwiftPackageProductDependency;
			package = 44E53FC32A9A8DEE00B6BBBE /* XCRemoteSwiftPackageReference "SnapKit" */;
			productName = SnapKit;
		};
/* End XCSwiftPackageProductDependency section */
	};
	rootObject = 44A877E42A9A880300241ED3 /* Project object */;
}
